// !$*UTF8*$!
{
	archiveVersion = 1;
	classes = {
	};
	objectVersion = 56;
	objects = {

/* Begin PBXBuildFile section */
		D4036AC229DF75B000E53951 /* ViewCode.swift in Sources */ = {isa = PBXBuildFile; fileRef = D4036AC129DF75B000E53951 /* ViewCode.swift */; };
		D4036AC629DF7B7100E53951 /* UIView+.swift in Sources */ = {isa = PBXBuildFile; fileRef = D4036AC529DF7B7100E53951 /* UIView+.swift */; };
		D4036AC829DF84E100E53951 /* UIColor+.swift in Sources */ = {isa = PBXBuildFile; fileRef = D4036AC729DF84E100E53951 /* UIColor+.swift */; };
		D4036ACD29E0C98E00E53951 /* LoginViewController.swift in Sources */ = {isa = PBXBuildFile; fileRef = D4036ACC29E0C98E00E53951 /* LoginViewController.swift */; };
		D4036ACF29E0CB2500E53951 /* Color.swift in Sources */ = {isa = PBXBuildFile; fileRef = D4036ACE29E0CB2500E53951 /* Color.swift */; };
		D4036AD129E0D7AF00E53951 /* HighlightedTextField.swift in Sources */ = {isa = PBXBuildFile; fileRef = D4036AD029E0D7AF00E53951 /* HighlightedTextField.swift */; };
		D415F99C29DF6D9A000689FF /* AppDelegate.swift in Sources */ = {isa = PBXBuildFile; fileRef = D415F99B29DF6D9A000689FF /* AppDelegate.swift */; };
		D415F99E29DF6D9A000689FF /* SceneDelegate.swift in Sources */ = {isa = PBXBuildFile; fileRef = D415F99D29DF6D9A000689FF /* SceneDelegate.swift */; };
		D415F9A029DF6D9A000689FF /* WelcomeViewController.swift in Sources */ = {isa = PBXBuildFile; fileRef = D415F99F29DF6D9A000689FF /* WelcomeViewController.swift */; };
		D415F9A529DF6D9B000689FF /* Assets.xcassets in Resources */ = {isa = PBXBuildFile; fileRef = D415F9A429DF6D9B000689FF /* Assets.xcassets */; };
		D415F9A829DF6D9B000689FF /* LaunchScreen.storyboard in Resources */ = {isa = PBXBuildFile; fileRef = D415F9A629DF6D9B000689FF /* LaunchScreen.storyboard */; };
/* End PBXBuildFile section */

/* Begin PBXFileReference section */
		D4036AC129DF75B000E53951 /* ViewCode.swift */ = {isa = PBXFileReference; lastKnownFileType = sourcecode.swift; path = ViewCode.swift; sourceTree = "<group>"; };
		D4036AC529DF7B7100E53951 /* UIView+.swift */ = {isa = PBXFileReference; lastKnownFileType = sourcecode.swift; path = "UIView+.swift"; sourceTree = "<group>"; };
		D4036AC729DF84E100E53951 /* UIColor+.swift */ = {isa = PBXFileReference; lastKnownFileType = sourcecode.swift; path = "UIColor+.swift"; sourceTree = "<group>"; };
		D4036ACC29E0C98E00E53951 /* LoginViewController.swift */ = {isa = PBXFileReference; lastKnownFileType = sourcecode.swift; path = LoginViewController.swift; sourceTree = "<group>"; };
		D4036ACE29E0CB2500E53951 /* Color.swift */ = {isa = PBXFileReference; lastKnownFileType = sourcecode.swift; path = Color.swift; sourceTree = "<group>"; };
		D4036AD029E0D7AF00E53951 /* HighlightedTextField.swift */ = {isa = PBXFileReference; lastKnownFileType = sourcecode.swift; path = HighlightedTextField.swift; sourceTree = "<group>"; };
		D415F99829DF6D9A000689FF /* UberClone.app */ = {isa = PBXFileReference; explicitFileType = wrapper.application; includeInIndex = 0; path = UberClone.app; sourceTree = BUILT_PRODUCTS_DIR; };
		D415F99B29DF6D9A000689FF /* AppDelegate.swift */ = {isa = PBXFileReference; lastKnownFileType = sourcecode.swift; path = AppDelegate.swift; sourceTree = "<group>"; };
		D415F99D29DF6D9A000689FF /* SceneDelegate.swift */ = {isa = PBXFileReference; lastKnownFileType = sourcecode.swift; path = SceneDelegate.swift; sourceTree = "<group>"; };
		D415F99F29DF6D9A000689FF /* WelcomeViewController.swift */ = {isa = PBXFileReference; lastKnownFileType = sourcecode.swift; path = WelcomeViewController.swift; sourceTree = "<group>"; };
		D415F9A429DF6D9B000689FF /* Assets.xcassets */ = {isa = PBXFileReference; lastKnownFileType = folder.assetcatalog; path = Assets.xcassets; sourceTree = "<group>"; };
		D415F9A729DF6D9B000689FF /* Base */ = {isa = PBXFileReference; lastKnownFileType = file.storyboard; name = Base; path = Base.lproj/LaunchScreen.storyboard; sourceTree = "<group>"; };
		D415F9A929DF6D9B000689FF /* Info.plist */ = {isa = PBXFileReference; lastKnownFileType = text.plist.xml; path = Info.plist; sourceTree = "<group>"; };
/* End PBXFileReference section */

/* Begin PBXFrameworksBuildPhase section */
		D415F99529DF6D9A000689FF /* Frameworks */ = {
			isa = PBXFrameworksBuildPhase;
			buildActionMask = 2147483647;
			files = (
			);
			runOnlyForDeploymentPostprocessing = 0;
		};
/* End PBXFrameworksBuildPhase section */

/* Begin PBXGroup section */
		D4036AC029DF759E00E53951 /* Protocols */ = {
			isa = PBXGroup;
			children = (
				D4036AC129DF75B000E53951 /* ViewCode.swift */,
			);
			path = Protocols;
			sourceTree = "<group>";
		};
		D4036AC329DF772900E53951 /* Screens */ = {
			isa = PBXGroup;
			children = (
				D4036ACB29E0C98000E53951 /* Login */,
				D4036ACA29E0C97500E53951 /* Welcome */,
			);
			path = Screens;
			sourceTree = "<group>";
		};
		D4036AC429DF7B6100E53951 /* Helpers */ = {
			isa = PBXGroup;
			children = (
				D4036AC529DF7B7100E53951 /* UIView+.swift */,
				D4036AC729DF84E100E53951 /* UIColor+.swift */,
				D4036ACE29E0CB2500E53951 /* Color.swift */,
			);
			path = Helpers;
			sourceTree = "<group>";
		};
		D4036AC929DF859800E53951 /* Components */ = {
			isa = PBXGroup;
			children = (
				D4036AD029E0D7AF00E53951 /* HighlightedTextField.swift */,
			);
			path = Components;
			sourceTree = "<group>";
		};
		D4036ACA29E0C97500E53951 /* Welcome */ = {
			isa = PBXGroup;
			children = (
				D415F99F29DF6D9A000689FF /* WelcomeViewController.swift */,
			);
			path = Welcome;
			sourceTree = "<group>";
		};
		D4036ACB29E0C98000E53951 /* Login */ = {
			isa = PBXGroup;
			children = (
				D4036ACC29E0C98E00E53951 /* LoginViewController.swift */,
			);
			path = Login;
			sourceTree = "<group>";
		};
		D415F98F29DF6D9A000689FF = {
			isa = PBXGroup;
			children = (
				D415F99A29DF6D9A000689FF /* UberClone */,
				D415F99929DF6D9A000689FF /* Products */,
			);
			sourceTree = "<group>";
		};
		D415F99929DF6D9A000689FF /* Products */ = {
			isa = PBXGroup;
			children = (
				D415F99829DF6D9A000689FF /* UberClone.app */,
			);
			name = Products;
			sourceTree = "<group>";
		};
		D415F99A29DF6D9A000689FF /* UberClone */ = {
			isa = PBXGroup;
			children = (
				D4036AC429DF7B6100E53951 /* Helpers */,
				D4036AC029DF759E00E53951 /* Protocols */,
				D4036AC929DF859800E53951 /* Components */,
				D4036AC329DF772900E53951 /* Screens */,
				D415F99B29DF6D9A000689FF /* AppDelegate.swift */,
				D415F99D29DF6D9A000689FF /* SceneDelegate.swift */,
				D415F9A429DF6D9B000689FF /* Assets.xcassets */,
				D415F9A629DF6D9B000689FF /* LaunchScreen.storyboard */,
				D415F9A929DF6D9B000689FF /* Info.plist */,
			);
			path = UberClone;
			sourceTree = "<group>";
		};
/* End PBXGroup section */

/* Begin PBXNativeTarget section */
		D415F99729DF6D9A000689FF /* UberClone */ = {
			isa = PBXNativeTarget;
			buildConfigurationList = D415F9AC29DF6D9B000689FF /* Build configuration list for PBXNativeTarget "UberClone" */;
			buildPhases = (
				D415F99429DF6D9A000689FF /* Sources */,
				D415F99529DF6D9A000689FF /* Frameworks */,
				D415F99629DF6D9A000689FF /* Resources */,
			);
			buildRules = (
			);
			dependencies = (
			);
			name = UberClone;
			productName = UberClone;
			productReference = D415F99829DF6D9A000689FF /* UberClone.app */;
			productType = "com.apple.product-type.application";
		};
/* End PBXNativeTarget section */

/* Begin PBXProject section */
		D415F99029DF6D9A000689FF /* Project object */ = {
			isa = PBXProject;
			attributes = {
				BuildIndependentTargetsInParallel = 1;
				LastSwiftUpdateCheck = 1410;
				LastUpgradeCheck = 1410;
				TargetAttributes = {
					D415F99729DF6D9A000689FF = {
						CreatedOnToolsVersion = 14.1;
					};
				};
			};
			buildConfigurationList = D415F99329DF6D9A000689FF /* Build configuration list for PBXProject "UberClone" */;
			compatibilityVersion = "Xcode 14.0";
			developmentRegion = en;
			hasScannedForEncodings = 0;
			knownRegions = (
				en,
				Base,
			);
			mainGroup = D415F98F29DF6D9A000689FF;
			productRefGroup = D415F99929DF6D9A000689FF /* Products */;
			projectDirPath = "";
			projectRoot = "";
			targets = (
				D415F99729DF6D9A000689FF /* UberClone */,
			);
		};
/* End PBXProject section */

/* Begin PBXResourcesBuildPhase section */
		D415F99629DF6D9A000689FF /* Resources */ = {
			isa = PBXResourcesBuildPhase;
			buildActionMask = 2147483647;
			files = (
				D415F9A829DF6D9B000689FF /* LaunchScreen.storyboard in Resources */,
				D415F9A529DF6D9B000689FF /* Assets.xcassets in Resources */,
			);
			runOnlyForDeploymentPostprocessing = 0;
		};
/* End PBXResourcesBuildPhase section */

/* Begin PBXSourcesBuildPhase section */
		D415F99429DF6D9A000689FF /* Sources */ = {
			isa = PBXSourcesBuildPhase;
			buildActionMask = 2147483647;
			files = (
				D4036ACD29E0C98E00E53951 /* LoginViewController.swift in Sources */,
				D415F9A029DF6D9A000689FF /* WelcomeViewController.swift in Sources */,
				D415F99C29DF6D9A000689FF /* AppDelegate.swift in Sources */,
				D415F99E29DF6D9A000689FF /* SceneDelegate.swift in Sources */,
				D4036AC229DF75B000E53951 /* ViewCode.swift in Sources */,
				D4036ACF29E0CB2500E53951 /* Color.swift in Sources */,
				D4036AC629DF7B7100E53951 /* UIView+.swift in Sources */,
				D4036AC829DF84E100E53951 /* UIColor+.swift in Sources */,
				D4036AD129E0D7AF00E53951 /* HighlightedTextField.swift in Sources */,
			);
			runOnlyForDeploymentPostprocessing = 0;
		};
/* End PBXSourcesBuildPhase section */

/* Begin PBXVariantGroup section */
		D415F9A629DF6D9B000689FF /* LaunchScreen.storyboard */ = {
			isa = PBXVariantGroup;
			children = (
				D415F9A729DF6D9B000689FF /* Base */,
			);
			name = LaunchScreen.storyboard;
			sourceTree = "<group>";
		};
/* End PBXVariantGroup section */

/* Begin XCBuildConfiguration section */
		D415F9AA29DF6D9B000689FF /* Debug */ = {
			isa = XCBuildConfiguration;
			buildSettings = {
				ALWAYS_SEARCH_USER_PATHS = NO;
				CLANG_ANALYZER_NONNULL = YES;
				CLANG_ANALYZER_NUMBER_OBJECT_CONVERSION = YES_AGGRESSIVE;
				CLANG_CXX_LANGUAGE_STANDARD = "gnu++20";
				CLANG_ENABLE_MODULES = YES;
				CLANG_ENABLE_OBJC_ARC = YES;
				CLANG_ENABLE_OBJC_WEAK = YES;
				CLANG_WARN_BLOCK_CAPTURE_AUTORELEASING = YES;
				CLANG_WARN_BOOL_CONVERSION = YES;
				CLANG_WARN_COMMA = YES;
				CLANG_WARN_CONSTANT_CONVERSION = YES;
				CLANG_WARN_DEPRECATED_OBJC_IMPLEMENTATIONS = YES;
				CLANG_WARN_DIRECT_OBJC_ISA_USAGE = YES_ERROR;
				CLANG_WARN_DOCUMENTATION_COMMENTS = YES;
				CLANG_WARN_EMPTY_BODY = YES;
				CLANG_WARN_ENUM_CONVERSION = YES;
				CLANG_WARN_INFINITE_RECURSION = YES;
				CLANG_WARN_INT_CONVERSION = YES;
				CLANG_WARN_NON_LITERAL_NULL_CONVERSION = YES;
				CLANG_WARN_OBJC_IMPLICIT_RETAIN_SELF = YES;
				CLANG_WARN_OBJC_LITERAL_CONVERSION = YES;
				CLANG_WARN_OBJC_ROOT_CLASS = YES_ERROR;
				CLANG_WARN_QUOTED_INCLUDE_IN_FRAMEWORK_HEADER = YES;
				CLANG_WARN_RANGE_LOOP_ANALYSIS = YES;
				CLANG_WARN_STRICT_PROTOTYPES = YES;
				CLANG_WARN_SUSPICIOUS_MOVE = YES;
				CLANG_WARN_UNGUARDED_AVAILABILITY = YES_AGGRESSIVE;
				CLANG_WARN_UNREACHABLE_CODE = YES;
				CLANG_WARN__DUPLICATE_METHOD_MATCH = YES;
				COPY_PHASE_STRIP = NO;
				DEBUG_INFORMATION_FORMAT = dwarf;
				ENABLE_STRICT_OBJC_MSGSEND = YES;
				ENABLE_TESTABILITY = YES;
				GCC_C_LANGUAGE_STANDARD = gnu11;
				GCC_DYNAMIC_NO_PIC = NO;
				GCC_NO_COMMON_BLOCKS = YES;
				GCC_OPTIMIZATION_LEVEL = 0;
				GCC_PREPROCESSOR_DEFINITIONS = (
					"DEBUG=1",
					"$(inherited)",
				);
				GCC_WARN_64_TO_32_BIT_CONVERSION = YES;
				GCC_WARN_ABOUT_RETURN_TYPE = YES_ERROR;
				GCC_WARN_UNDECLARED_SELECTOR = YES;
				GCC_WARN_UNINITIALIZED_AUTOS = YES_AGGRESSIVE;
				GCC_WARN_UNUSED_FUNCTION = YES;
				GCC_WARN_UNUSED_VARIABLE = YES;
				IPHONEOS_DEPLOYMENT_TARGET = 16.1;
				MTL_ENABLE_DEBUG_INFO = INCLUDE_SOURCE;
				MTL_FAST_MATH = YES;
				ONLY_ACTIVE_ARCH = YES;
				SDKROOT = iphoneos;
				SWIFT_ACTIVE_COMPILATION_CONDITIONS = DEBUG;
				SWIFT_OPTIMIZATION_LEVEL = "-Onone";
			};
			name = Debug;
		};
		D415F9AB29DF6D9B000689FF /* Release */ = {
			isa = XCBuildConfiguration;
			buildSettings = {
				ALWAYS_SEARCH_USER_PATHS = NO;
				CLANG_ANALYZER_NONNULL = YES;
				CLANG_ANALYZER_NUMBER_OBJECT_CONVERSION = YES_AGGRESSIVE;
				CLANG_CXX_LANGUAGE_STANDARD = "gnu++20";
				CLANG_ENABLE_MODULES = YES;
				CLANG_ENABLE_OBJC_ARC = YES;
				CLANG_ENABLE_OBJC_WEAK = YES;
				CLANG_WARN_BLOCK_CAPTURE_AUTORELEASING = YES;
				CLANG_WARN_BOOL_CONVERSION = YES;
				CLANG_WARN_COMMA = YES;
				CLANG_WARN_CONSTANT_CONVERSION = YES;
				CLANG_WARN_DEPRECATED_OBJC_IMPLEMENTATIONS = YES;
				CLANG_WARN_DIRECT_OBJC_ISA_USAGE = YES_ERROR;
				CLANG_WARN_DOCUMENTATION_COMMENTS = YES;
				CLANG_WARN_EMPTY_BODY = YES;
				CLANG_WARN_ENUM_CONVERSION = YES;
				CLANG_WARN_INFINITE_RECURSION = YES;
				CLANG_WARN_INT_CONVERSION = YES;
				CLANG_WARN_NON_LITERAL_NULL_CONVERSION = YES;
				CLANG_WARN_OBJC_IMPLICIT_RETAIN_SELF = YES;
				CLANG_WARN_OBJC_LITERAL_CONVERSION = YES;
				CLANG_WARN_OBJC_ROOT_CLASS = YES_ERROR;
				CLANG_WARN_QUOTED_INCLUDE_IN_FRAMEWORK_HEADER = YES;
				CLANG_WARN_RANGE_LOOP_ANALYSIS = YES;
				CLANG_WARN_STRICT_PROTOTYPES = YES;
				CLANG_WARN_SUSPICIOUS_MOVE = YES;
				CLANG_WARN_UNGUARDED_AVAILABILITY = YES_AGGRESSIVE;
				CLANG_WARN_UNREACHABLE_CODE = YES;
				CLANG_WARN__DUPLICATE_METHOD_MATCH = YES;
				COPY_PHASE_STRIP = NO;
				DEBUG_INFORMATION_FORMAT = "dwarf-with-dsym";
				ENABLE_NS_ASSERTIONS = NO;
				ENABLE_STRICT_OBJC_MSGSEND = YES;
				GCC_C_LANGUAGE_STANDARD = gnu11;
				GCC_NO_COMMON_BLOCKS = YES;
				GCC_WARN_64_TO_32_BIT_CONVERSION = YES;
				GCC_WARN_ABOUT_RETURN_TYPE = YES_ERROR;
				GCC_WARN_UNDECLARED_SELECTOR = YES;
				GCC_WARN_UNINITIALIZED_AUTOS = YES_AGGRESSIVE;
				GCC_WARN_UNUSED_FUNCTION = YES;
				GCC_WARN_UNUSED_VARIABLE = YES;
				IPHONEOS_DEPLOYMENT_TARGET = 16.1;
				MTL_ENABLE_DEBUG_INFO = NO;
				MTL_FAST_MATH = YES;
				SDKROOT = iphoneos;
				SWIFT_COMPILATION_MODE = wholemodule;
				SWIFT_OPTIMIZATION_LEVEL = "-O";
				VALIDATE_PRODUCT = YES;
			};
			name = Release;
		};
		D415F9AD29DF6D9B000689FF /* Debug */ = {
			isa = XCBuildConfiguration;
			buildSettings = {
				ASSETCATALOG_COMPILER_APPICON_NAME = AppIcon;
				ASSETCATALOG_COMPILER_GLOBAL_ACCENT_COLOR_NAME = AccentColor;
				CODE_SIGN_STYLE = Automatic;
				CURRENT_PROJECT_VERSION = 1;
				DEVELOPMENT_TEAM = FU8K79FY9Z;
				GENERATE_INFOPLIST_FILE = YES;
				INFOPLIST_FILE = UberClone/Info.plist;
				INFOPLIST_KEY_UIApplicationSupportsIndirectInputEvents = YES;
				INFOPLIST_KEY_UILaunchStoryboardName = LaunchScreen;
				INFOPLIST_KEY_UIMainStoryboardFile = "";
				INFOPLIST_KEY_UISupportedInterfaceOrientations_iPad = "UIInterfaceOrientationPortrait UIInterfaceOrientationPortraitUpsideDown UIInterfaceOrientationLandscapeLeft UIInterfaceOrientationLandscapeRight";
				INFOPLIST_KEY_UISupportedInterfaceOrientations_iPhone = "UIInterfaceOrientationPortrait UIInterfaceOrientationLandscapeLeft UIInterfaceOrientationLandscapeRight";
				LD_RUNPATH_SEARCH_PATHS = (
					"$(inherited)",
					"@executable_path/Frameworks",
				);
				MARKETING_VERSION = 1.0;
				PRODUCT_BUNDLE_IDENTIFIER = com.br.curso.ios.UberClone;
				PRODUCT_NAME = "$(TARGET_NAME)";
				SWIFT_EMIT_LOC_STRINGS = YES;
				SWIFT_VERSION = 5.0;
				TARGETED_DEVICE_FAMILY = "1,2";
			};
			name = Debug;
		};
		D415F9AE29DF6D9B000689FF /* Release */ = {
			isa = XCBuildConfiguration;
			buildSettings = {
				ASSETCATALOG_COMPILER_APPICON_NAME = AppIcon;
				ASSETCATALOG_COMPILER_GLOBAL_ACCENT_COLOR_NAME = AccentColor;
				CODE_SIGN_STYLE = Automatic;
				CURRENT_PROJECT_VERSION = 1;
				DEVELOPMENT_TEAM = FU8K79FY9Z;
				GENERATE_INFOPLIST_FILE = YES;
				INFOPLIST_FILE = UberClone/Info.plist;
				INFOPLIST_KEY_UIApplicationSupportsIndirectInputEvents = YES;
				INFOPLIST_KEY_UILaunchStoryboardName = LaunchScreen;
				INFOPLIST_KEY_UIMainStoryboardFile = "";
				INFOPLIST_KEY_UISupportedInterfaceOrientations_iPad = "UIInterfaceOrientationPortrait UIInterfaceOrientationPortraitUpsideDown UIInterfaceOrientationLandscapeLeft UIInterfaceOrientationLandscapeRight";
				INFOPLIST_KEY_UISupportedInterfaceOrientations_iPhone = "UIInterfaceOrientationPortrait UIInterfaceOrientationLandscapeLeft UIInterfaceOrientationLandscapeRight";
				LD_RUNPATH_SEARCH_PATHS = (
					"$(inherited)",
					"@executable_path/Frameworks",
				);
				MARKETING_VERSION = 1.0;
				PRODUCT_BUNDLE_IDENTIFIER = com.br.curso.ios.UberClone;
				PRODUCT_NAME = "$(TARGET_NAME)";
				SWIFT_EMIT_LOC_STRINGS = YES;
				SWIFT_VERSION = 5.0;
				TARGETED_DEVICE_FAMILY = "1,2";
			};
			name = Release;
		};
/* End XCBuildConfiguration section */

/* Begin XCConfigurationList section */
		D415F99329DF6D9A000689FF /* Build configuration list for PBXProject "UberClone" */ = {
			isa = XCConfigurationList;
			buildConfigurations = (
				D415F9AA29DF6D9B000689FF /* Debug */,
				D415F9AB29DF6D9B000689FF /* Release */,
			);
			defaultConfigurationIsVisible = 0;
			defaultConfigurationName = Release;
		};
		D415F9AC29DF6D9B000689FF /* Build configuration list for PBXNativeTarget "UberClone" */ = {
			isa = XCConfigurationList;
			buildConfigurations = (
				D415F9AD29DF6D9B000689FF /* Debug */,
				D415F9AE29DF6D9B000689FF /* Release */,
			);
			defaultConfigurationIsVisible = 0;
			defaultConfigurationName = Release;
		};
/* End XCConfigurationList section */
	};
	rootObject = D415F99029DF6D9A000689FF /* Project object */;
}
