// !$*UTF8*$!
{
	archiveVersion = 1;
	classes = {
	};
	objectVersion = 56;
	objects = {

/* Begin PBXBuildFile section */
		099531C940A1D0F612DD4DB0 /* Pods_UberClone.framework in Frameworks */ = {isa = PBXBuildFile; fileRef = 98A47E65942F5C72D128DAE7 /* Pods_UberClone.framework */; };
		985B278A72842E883ED8FC54 /* Pods_UberCloneTests.framework in Frameworks */ = {isa = PBXBuildFile; fileRef = AB04DA37652DCECE903B4D4F /* Pods_UberCloneTests.framework */; };
		D4036AC229DF75B000E53951 /* ViewCode.swift in Sources */ = {isa = PBXBuildFile; fileRef = D4036AC129DF75B000E53951 /* ViewCode.swift */; };
		D4036AC629DF7B7100E53951 /* UIView+.swift in Sources */ = {isa = PBXBuildFile; fileRef = D4036AC529DF7B7100E53951 /* UIView+.swift */; };
		D4036AC829DF84E100E53951 /* UIColor+.swift in Sources */ = {isa = PBXBuildFile; fileRef = D4036AC729DF84E100E53951 /* UIColor+.swift */; };
		D4036ACD29E0C98E00E53951 /* LoginViewController.swift in Sources */ = {isa = PBXBuildFile; fileRef = D4036ACC29E0C98E00E53951 /* LoginViewController.swift */; };
		D4036ACF29E0CB2500E53951 /* Color.swift in Sources */ = {isa = PBXBuildFile; fileRef = D4036ACE29E0CB2500E53951 /* Color.swift */; };
		D4036AD129E0D7AF00E53951 /* HighlightedTextField.swift in Sources */ = {isa = PBXBuildFile; fileRef = D4036AD029E0D7AF00E53951 /* HighlightedTextField.swift */; };
		D4036AD429E1F04800E53951 /* SignUpViewController.swift in Sources */ = {isa = PBXBuildFile; fileRef = D4036AD329E1F04800E53951 /* SignUpViewController.swift */; };
		D4036AD629E1F1C900E53951 /* LabelField.swift in Sources */ = {isa = PBXBuildFile; fileRef = D4036AD529E1F1C900E53951 /* LabelField.swift */; };
		D4036AD829E1F2E300E53951 /* TitleLabel.swift in Sources */ = {isa = PBXBuildFile; fileRef = D4036AD729E1F2E300E53951 /* TitleLabel.swift */; };
		D4036ADA29E1F55100E53951 /* PrimaryInputTextField.swift in Sources */ = {isa = PBXBuildFile; fileRef = D4036AD929E1F55100E53951 /* PrimaryInputTextField.swift */; };
		D4036ADC29E1FEF200E53951 /* SecondaryButton.swift in Sources */ = {isa = PBXBuildFile; fileRef = D4036ADB29E1FEF200E53951 /* SecondaryButton.swift */; };
		D4036ADE29E1FF9400E53951 /* PrimaryButton.swift in Sources */ = {isa = PBXBuildFile; fileRef = D4036ADD29E1FF9400E53951 /* PrimaryButton.swift */; };
		D4036AE429E2FEA400E53951 /* NavigationController.swift in Sources */ = {isa = PBXBuildFile; fileRef = D4036AE329E2FEA400E53951 /* NavigationController.swift */; };
		D4036AE829E2FF7B00E53951 /* WelcomeFactory.swift in Sources */ = {isa = PBXBuildFile; fileRef = D4036AE729E2FF7B00E53951 /* WelcomeFactory.swift */; };
		D4036AEA29E3016800E53951 /* WelcomeRouter.swift in Sources */ = {isa = PBXBuildFile; fileRef = D4036AE929E3016800E53951 /* WelcomeRouter.swift */; };
		D4036AED29E3019000E53951 /* LoginFactory.swift in Sources */ = {isa = PBXBuildFile; fileRef = D4036AEC29E3019000E53951 /* LoginFactory.swift */; };
		D4036AF029E301D200E53951 /* SignUpFactory.swift in Sources */ = {isa = PBXBuildFile; fileRef = D4036AEF29E301D200E53951 /* SignUpFactory.swift */; };
		D4036AF329E35DD000E53951 /* SignUpPresenter.swift in Sources */ = {isa = PBXBuildFile; fileRef = D4036AF229E35DD000E53951 /* SignUpPresenter.swift */; };
		D4036AF629E35E6600E53951 /* SignUpResquest.swift in Sources */ = {isa = PBXBuildFile; fileRef = D4036AF529E35E6600E53951 /* SignUpResquest.swift */; };
		D4036B0029EF2EDC00E53951 /* Model.swift in Sources */ = {isa = PBXBuildFile; fileRef = D4036AFF29EF2EDC00E53951 /* Model.swift */; };
		D4036B0329EF2F4600E53951 /* Validation.swift in Sources */ = {isa = PBXBuildFile; fileRef = D4036B0229EF2F4600E53951 /* Validation.swift */; };
		D4036B0529EF2FDB00E53951 /* RequiredFieldValidation.swift in Sources */ = {isa = PBXBuildFile; fileRef = D4036B0429EF2FDB00E53951 /* RequiredFieldValidation.swift */; };
		D4036B0729EF30E300E53951 /* ValidationComposite.swift in Sources */ = {isa = PBXBuildFile; fileRef = D4036B0629EF30E300E53951 /* ValidationComposite.swift */; };
		D4036B0A29EF31E900E53951 /* AddAccount.swift in Sources */ = {isa = PBXBuildFile; fileRef = D4036B0929EF31E900E53951 /* AddAccount.swift */; };
		D4036B0D29EF37BA00E53951 /* CompareFieldValidation.swift in Sources */ = {isa = PBXBuildFile; fileRef = D4036B0C29EF37BA00E53951 /* CompareFieldValidation.swift */; };
		D4036B1029EF39CC00E53951 /* LoadingView.swift in Sources */ = {isa = PBXBuildFile; fileRef = D4036B0F29EF39CC00E53951 /* LoadingView.swift */; };
		D4036B1329EF3B5C00E53951 /* ScreenLoadingView.swift in Sources */ = {isa = PBXBuildFile; fileRef = D4036B1229EF3B5C00E53951 /* ScreenLoadingView.swift */; };
		D4036B1529EF463C00E53951 /* AlertView.swift in Sources */ = {isa = PBXBuildFile; fileRef = D4036B1429EF463C00E53951 /* AlertView.swift */; };
		D4036B1D29EF48A200E53951 /* SingUpFactoryTests.swift in Sources */ = {isa = PBXBuildFile; fileRef = D4036B1C29EF48A200E53951 /* SingUpFactoryTests.swift */; };
		D4036B2529EF54D600E53951 /* XCTestCase+.swift in Sources */ = {isa = PBXBuildFile; fileRef = D4036B2429EF54D600E53951 /* XCTestCase+.swift */; };
		D4036B2E29EF5BB100E53951 /* WeakVarProxy.swift in Sources */ = {isa = PBXBuildFile; fileRef = D4036B2D29EF5BB100E53951 /* WeakVarProxy.swift */; };
		D413C56A29F01FFC00869258 /* UserModel.swift in Sources */ = {isa = PBXBuildFile; fileRef = D413C56929F01FFC00869258 /* UserModel.swift */; };
		D413C56D29F0235300869258 /* DomainError.swift in Sources */ = {isa = PBXBuildFile; fileRef = D413C56C29F0235300869258 /* DomainError.swift */; };
		D413C56F29F02AAF00869258 /* FirebaseAuthAdapter.swift in Sources */ = {isa = PBXBuildFile; fileRef = D413C56E29F02AAF00869258 /* FirebaseAuthAdapter.swift */; };
		D413C57229F02EA700869258 /* AuthenticationError.swift in Sources */ = {isa = PBXBuildFile; fileRef = D413C57129F02EA700869258 /* AuthenticationError.swift */; };
		D413C57A29F0334B00869258 /* Data+.swift in Sources */ = {isa = PBXBuildFile; fileRef = D413C57929F0334B00869258 /* Data+.swift */; };
		D413C57C29F094DC00869258 /* AutenticationClient.swift in Sources */ = {isa = PBXBuildFile; fileRef = D413C57B29F094DC00869258 /* AutenticationClient.swift */; };
		D413C57F29F0956300869258 /* RemoteCreateAuth.swift in Sources */ = {isa = PBXBuildFile; fileRef = D413C57E29F0956300869258 /* RemoteCreateAuth.swift */; };
		D413C58329F09A6E00869258 /* CreateAuth.swift in Sources */ = {isa = PBXBuildFile; fileRef = D413C58229F09A6E00869258 /* CreateAuth.swift */; };
		D413C58529F892CC00869258 /* Autentication.swift in Sources */ = {isa = PBXBuildFile; fileRef = D413C58429F892CC00869258 /* Autentication.swift */; };
		D413C58729F8931400869258 /* RemoteAutentication.swift in Sources */ = {isa = PBXBuildFile; fileRef = D413C58629F8931400869258 /* RemoteAutentication.swift */; };
		D413C58A29F8977900869258 /* LoginPresenter.swift in Sources */ = {isa = PBXBuildFile; fileRef = D413C58929F8977900869258 /* LoginPresenter.swift */; };
		D413C58C29F8979E00869258 /* LoginResquest.swift in Sources */ = {isa = PBXBuildFile; fileRef = D413C58B29F8979E00869258 /* LoginResquest.swift */; };
		D413C58E29F8A4E300869258 /* AuthCreateClient.swift in Sources */ = {isa = PBXBuildFile; fileRef = D413C58D29F8A4E300869258 /* AuthCreateClient.swift */; };
		D413C59029FF12A900869258 /* AuthGetStateClient.swift in Sources */ = {isa = PBXBuildFile; fileRef = D413C58F29FF12A900869258 /* AuthGetStateClient.swift */; };
		D413C59329FF141600869258 /* PassengerViewController.swift in Sources */ = {isa = PBXBuildFile; fileRef = D413C59229FF141600869258 /* PassengerViewController.swift */; };
		D413C59529FF146500869258 /* LoginRouter.swift in Sources */ = {isa = PBXBuildFile; fileRef = D413C59429FF146500869258 /* LoginRouter.swift */; };
		D413C59829FF155900869258 /* PassengerFactory.swift in Sources */ = {isa = PBXBuildFile; fileRef = D413C59729FF155900869258 /* PassengerFactory.swift */; };
		D413C59A29FF179600869258 /* LoginFactoryTests.swift in Sources */ = {isa = PBXBuildFile; fileRef = D413C59929FF179600869258 /* LoginFactoryTests.swift */; };
		D413C59C29FF1A2E00869258 /* SignUpRouter.swift in Sources */ = {isa = PBXBuildFile; fileRef = D413C59B29FF1A2E00869258 /* SignUpRouter.swift */; };
		D413C59E29FF1B4B00869258 /* RemoteGetStateAuth.swift in Sources */ = {isa = PBXBuildFile; fileRef = D413C59D29FF1B4B00869258 /* RemoteGetStateAuth.swift */; };
		D413C5A029FF1BA100869258 /* GetStateAuth.swift in Sources */ = {isa = PBXBuildFile; fileRef = D413C59F29FF1BA100869258 /* GetStateAuth.swift */; };
		D413C5A329FF1D0300869258 /* WelcomePresenter.swift in Sources */ = {isa = PBXBuildFile; fileRef = D413C5A229FF1D0300869258 /* WelcomePresenter.swift */; };
		D413C5A629FF2A6500869258 /* PassengerPresenter.swift in Sources */ = {isa = PBXBuildFile; fileRef = D413C5A529FF2A6500869258 /* PassengerPresenter.swift */; };
		D413C5A829FF2B5600869258 /* AuthLogoutClient.swift in Sources */ = {isa = PBXBuildFile; fileRef = D413C5A729FF2B5600869258 /* AuthLogoutClient.swift */; };
		D413C5AA29FF2C4E00869258 /* RemoteLogoutAuth.swift in Sources */ = {isa = PBXBuildFile; fileRef = D413C5A929FF2C4E00869258 /* RemoteLogoutAuth.swift */; };
		D413C5AC29FF2C6500869258 /* LogoutAuth.swift in Sources */ = {isa = PBXBuildFile; fileRef = D413C5AB29FF2C6500869258 /* LogoutAuth.swift */; };
		D413C5AF29FF2DFF00869258 /* PassengerRouter.swift in Sources */ = {isa = PBXBuildFile; fileRef = D413C5AE29FF2DFF00869258 /* PassengerRouter.swift */; };
		D413C5B12A00856500869258 /* FirebaseDatabaseAdapter.swift in Sources */ = {isa = PBXBuildFile; fileRef = D413C5B02A00856500869258 /* FirebaseDatabaseAdapter.swift */; };
		D413C5B52A008F0900869258 /* DatabaseSetValueClient.swift in Sources */ = {isa = PBXBuildFile; fileRef = D413C5B42A008F0900869258 /* DatabaseSetValueClient.swift */; };
		D413C5BB2A008F6F00869258 /* CallRace.swift in Sources */ = {isa = PBXBuildFile; fileRef = D413C5BA2A008F6F00869258 /* CallRace.swift */; };
		D413C5BF2A047C8500869258 /* RemoteCallRace.swift in Sources */ = {isa = PBXBuildFile; fileRef = D413C5BE2A047C8500869258 /* RemoteCallRace.swift */; };
		D413C5C22A06FE0F00869258 /* MainQueueDispatchDecorator.swift in Sources */ = {isa = PBXBuildFile; fileRef = D413C5C12A06FE0F00869258 /* MainQueueDispatchDecorator.swift */; };
		D413C5C42A072A7A00869258 /* CallRaceRequest.swift in Sources */ = {isa = PBXBuildFile; fileRef = D413C5C32A072A7A00869258 /* CallRaceRequest.swift */; };
		D413C5C72A072EF500869258 /* AuthGetUserClient.swift in Sources */ = {isa = PBXBuildFile; fileRef = D413C5C62A072EF500869258 /* AuthGetUserClient.swift */; };
		D413C5CA2A072F2C00869258 /* GetCurrentUser.swift in Sources */ = {isa = PBXBuildFile; fileRef = D413C5C92A072F2C00869258 /* GetCurrentUser.swift */; };
		D413C5CD2A072F7200869258 /* RemoteGetCurrentUser.swift in Sources */ = {isa = PBXBuildFile; fileRef = D413C5CC2A072F7200869258 /* RemoteGetCurrentUser.swift */; };
		D413C5D12A081FC500869258 /* RemoteAddAccount.swift in Sources */ = {isa = PBXBuildFile; fileRef = D413C5D02A081FC500869258 /* RemoteAddAccount.swift */; };
		D415F99C29DF6D9A000689FF /* AppDelegate.swift in Sources */ = {isa = PBXBuildFile; fileRef = D415F99B29DF6D9A000689FF /* AppDelegate.swift */; };
		D415F99E29DF6D9A000689FF /* SceneDelegate.swift in Sources */ = {isa = PBXBuildFile; fileRef = D415F99D29DF6D9A000689FF /* SceneDelegate.swift */; };
		D415F9A029DF6D9A000689FF /* WelcomeViewController.swift in Sources */ = {isa = PBXBuildFile; fileRef = D415F99F29DF6D9A000689FF /* WelcomeViewController.swift */; };
		D415F9A529DF6D9B000689FF /* Assets.xcassets in Resources */ = {isa = PBXBuildFile; fileRef = D415F9A429DF6D9B000689FF /* Assets.xcassets */; };
		D415F9A829DF6D9B000689FF /* LaunchScreen.storyboard in Resources */ = {isa = PBXBuildFile; fileRef = D415F9A629DF6D9B000689FF /* LaunchScreen.storyboard */; };
		D48ADF9729EF652C00986A89 /* GoogleService-Info.plist in Resources */ = {isa = PBXBuildFile; fileRef = D48ADF9629EF652C00986A89 /* GoogleService-Info.plist */; };
/* End PBXBuildFile section */

/* Begin PBXContainerItemProxy section */
		D4036B1E29EF48A200E53951 /* PBXContainerItemProxy */ = {
			isa = PBXContainerItemProxy;
			containerPortal = D415F99029DF6D9A000689FF /* Project object */;
			proxyType = 1;
			remoteGlobalIDString = D415F99729DF6D9A000689FF;
			remoteInfo = UberClone;
		};
/* End PBXContainerItemProxy section */

/* Begin PBXFileReference section */
		1F43EB4F108D91FF8793F858 /* Pods-UberCloneTests.debug.xcconfig */ = {isa = PBXFileReference; includeInIndex = 1; lastKnownFileType = text.xcconfig; name = "Pods-UberCloneTests.debug.xcconfig"; path = "Target Support Files/Pods-UberCloneTests/Pods-UberCloneTests.debug.xcconfig"; sourceTree = "<group>"; };
		262098F0328858BD040D8ABD /* Pods-UberClone.release.xcconfig */ = {isa = PBXFileReference; includeInIndex = 1; lastKnownFileType = text.xcconfig; name = "Pods-UberClone.release.xcconfig"; path = "Target Support Files/Pods-UberClone/Pods-UberClone.release.xcconfig"; sourceTree = "<group>"; };
		692C83DFEDEB20962FCD9693 /* Pods-UberClone.debug.xcconfig */ = {isa = PBXFileReference; includeInIndex = 1; lastKnownFileType = text.xcconfig; name = "Pods-UberClone.debug.xcconfig"; path = "Target Support Files/Pods-UberClone/Pods-UberClone.debug.xcconfig"; sourceTree = "<group>"; };
		98A47E65942F5C72D128DAE7 /* Pods_UberClone.framework */ = {isa = PBXFileReference; explicitFileType = wrapper.framework; includeInIndex = 0; path = Pods_UberClone.framework; sourceTree = BUILT_PRODUCTS_DIR; };
		AB04DA37652DCECE903B4D4F /* Pods_UberCloneTests.framework */ = {isa = PBXFileReference; explicitFileType = wrapper.framework; includeInIndex = 0; path = Pods_UberCloneTests.framework; sourceTree = BUILT_PRODUCTS_DIR; };
		D4036AC129DF75B000E53951 /* ViewCode.swift */ = {isa = PBXFileReference; lastKnownFileType = sourcecode.swift; path = ViewCode.swift; sourceTree = "<group>"; };
		D4036AC529DF7B7100E53951 /* UIView+.swift */ = {isa = PBXFileReference; lastKnownFileType = sourcecode.swift; path = "UIView+.swift"; sourceTree = "<group>"; };
		D4036AC729DF84E100E53951 /* UIColor+.swift */ = {isa = PBXFileReference; lastKnownFileType = sourcecode.swift; path = "UIColor+.swift"; sourceTree = "<group>"; };
		D4036ACC29E0C98E00E53951 /* LoginViewController.swift */ = {isa = PBXFileReference; lastKnownFileType = sourcecode.swift; path = LoginViewController.swift; sourceTree = "<group>"; };
		D4036ACE29E0CB2500E53951 /* Color.swift */ = {isa = PBXFileReference; lastKnownFileType = sourcecode.swift; path = Color.swift; sourceTree = "<group>"; };
		D4036AD029E0D7AF00E53951 /* HighlightedTextField.swift */ = {isa = PBXFileReference; lastKnownFileType = sourcecode.swift; path = HighlightedTextField.swift; sourceTree = "<group>"; };
		D4036AD329E1F04800E53951 /* SignUpViewController.swift */ = {isa = PBXFileReference; lastKnownFileType = sourcecode.swift; path = SignUpViewController.swift; sourceTree = "<group>"; };
		D4036AD529E1F1C900E53951 /* LabelField.swift */ = {isa = PBXFileReference; lastKnownFileType = sourcecode.swift; path = LabelField.swift; sourceTree = "<group>"; };
		D4036AD729E1F2E300E53951 /* TitleLabel.swift */ = {isa = PBXFileReference; lastKnownFileType = sourcecode.swift; path = TitleLabel.swift; sourceTree = "<group>"; };
		D4036AD929E1F55100E53951 /* PrimaryInputTextField.swift */ = {isa = PBXFileReference; lastKnownFileType = sourcecode.swift; path = PrimaryInputTextField.swift; sourceTree = "<group>"; };
		D4036ADB29E1FEF200E53951 /* SecondaryButton.swift */ = {isa = PBXFileReference; lastKnownFileType = sourcecode.swift; path = SecondaryButton.swift; sourceTree = "<group>"; };
		D4036ADD29E1FF9400E53951 /* PrimaryButton.swift */ = {isa = PBXFileReference; fileEncoding = 4; lastKnownFileType = sourcecode.swift; path = PrimaryButton.swift; sourceTree = "<group>"; };
		D4036AE329E2FEA400E53951 /* NavigationController.swift */ = {isa = PBXFileReference; lastKnownFileType = sourcecode.swift; path = NavigationController.swift; sourceTree = "<group>"; };
		D4036AE729E2FF7B00E53951 /* WelcomeFactory.swift */ = {isa = PBXFileReference; lastKnownFileType = sourcecode.swift; path = WelcomeFactory.swift; sourceTree = "<group>"; };
		D4036AE929E3016800E53951 /* WelcomeRouter.swift */ = {isa = PBXFileReference; lastKnownFileType = sourcecode.swift; path = WelcomeRouter.swift; sourceTree = "<group>"; };
		D4036AEC29E3019000E53951 /* LoginFactory.swift */ = {isa = PBXFileReference; lastKnownFileType = sourcecode.swift; path = LoginFactory.swift; sourceTree = "<group>"; };
		D4036AEF29E301D200E53951 /* SignUpFactory.swift */ = {isa = PBXFileReference; lastKnownFileType = sourcecode.swift; path = SignUpFactory.swift; sourceTree = "<group>"; };
		D4036AF229E35DD000E53951 /* SignUpPresenter.swift */ = {isa = PBXFileReference; lastKnownFileType = sourcecode.swift; path = SignUpPresenter.swift; sourceTree = "<group>"; };
		D4036AF529E35E6600E53951 /* SignUpResquest.swift */ = {isa = PBXFileReference; lastKnownFileType = sourcecode.swift; path = SignUpResquest.swift; sourceTree = "<group>"; };
		D4036AFF29EF2EDC00E53951 /* Model.swift */ = {isa = PBXFileReference; lastKnownFileType = sourcecode.swift; path = Model.swift; sourceTree = "<group>"; };
		D4036B0229EF2F4600E53951 /* Validation.swift */ = {isa = PBXFileReference; lastKnownFileType = sourcecode.swift; path = Validation.swift; sourceTree = "<group>"; };
		D4036B0429EF2FDB00E53951 /* RequiredFieldValidation.swift */ = {isa = PBXFileReference; lastKnownFileType = sourcecode.swift; path = RequiredFieldValidation.swift; sourceTree = "<group>"; };
		D4036B0629EF30E300E53951 /* ValidationComposite.swift */ = {isa = PBXFileReference; lastKnownFileType = sourcecode.swift; path = ValidationComposite.swift; sourceTree = "<group>"; };
		D4036B0929EF31E900E53951 /* AddAccount.swift */ = {isa = PBXFileReference; lastKnownFileType = sourcecode.swift; path = AddAccount.swift; sourceTree = "<group>"; };
		D4036B0C29EF37BA00E53951 /* CompareFieldValidation.swift */ = {isa = PBXFileReference; lastKnownFileType = sourcecode.swift; path = CompareFieldValidation.swift; sourceTree = "<group>"; };
		D4036B0F29EF39CC00E53951 /* LoadingView.swift */ = {isa = PBXFileReference; lastKnownFileType = sourcecode.swift; path = LoadingView.swift; sourceTree = "<group>"; };
		D4036B1229EF3B5C00E53951 /* ScreenLoadingView.swift */ = {isa = PBXFileReference; lastKnownFileType = sourcecode.swift; path = ScreenLoadingView.swift; sourceTree = "<group>"; };
		D4036B1429EF463C00E53951 /* AlertView.swift */ = {isa = PBXFileReference; lastKnownFileType = sourcecode.swift; path = AlertView.swift; sourceTree = "<group>"; };
		D4036B1A29EF48A100E53951 /* UberCloneTests.xctest */ = {isa = PBXFileReference; explicitFileType = wrapper.cfbundle; includeInIndex = 0; path = UberCloneTests.xctest; sourceTree = BUILT_PRODUCTS_DIR; };
		D4036B1C29EF48A200E53951 /* SingUpFactoryTests.swift */ = {isa = PBXFileReference; lastKnownFileType = sourcecode.swift; path = SingUpFactoryTests.swift; sourceTree = "<group>"; };
		D4036B2429EF54D600E53951 /* XCTestCase+.swift */ = {isa = PBXFileReference; lastKnownFileType = sourcecode.swift; path = "XCTestCase+.swift"; sourceTree = "<group>"; };
		D4036B2D29EF5BB100E53951 /* WeakVarProxy.swift */ = {isa = PBXFileReference; lastKnownFileType = sourcecode.swift; path = WeakVarProxy.swift; sourceTree = "<group>"; };
		D413C56929F01FFC00869258 /* UserModel.swift */ = {isa = PBXFileReference; lastKnownFileType = sourcecode.swift; path = UserModel.swift; sourceTree = "<group>"; };
		D413C56C29F0235300869258 /* DomainError.swift */ = {isa = PBXFileReference; lastKnownFileType = sourcecode.swift; path = DomainError.swift; sourceTree = "<group>"; };
		D413C56E29F02AAF00869258 /* FirebaseAuthAdapter.swift */ = {isa = PBXFileReference; lastKnownFileType = sourcecode.swift; path = FirebaseAuthAdapter.swift; sourceTree = "<group>"; };
		D413C57129F02EA700869258 /* AuthenticationError.swift */ = {isa = PBXFileReference; lastKnownFileType = sourcecode.swift; path = AuthenticationError.swift; sourceTree = "<group>"; };
		D413C57929F0334B00869258 /* Data+.swift */ = {isa = PBXFileReference; lastKnownFileType = sourcecode.swift; path = "Data+.swift"; sourceTree = "<group>"; };
		D413C57B29F094DC00869258 /* AutenticationClient.swift */ = {isa = PBXFileReference; fileEncoding = 4; lastKnownFileType = sourcecode.swift; path = AutenticationClient.swift; sourceTree = "<group>"; };
		D413C57E29F0956300869258 /* RemoteCreateAuth.swift */ = {isa = PBXFileReference; lastKnownFileType = sourcecode.swift; path = RemoteCreateAuth.swift; sourceTree = "<group>"; };
		D413C58229F09A6E00869258 /* CreateAuth.swift */ = {isa = PBXFileReference; lastKnownFileType = sourcecode.swift; path = CreateAuth.swift; sourceTree = "<group>"; };
		D413C58429F892CC00869258 /* Autentication.swift */ = {isa = PBXFileReference; lastKnownFileType = sourcecode.swift; path = Autentication.swift; sourceTree = "<group>"; };
		D413C58629F8931400869258 /* RemoteAutentication.swift */ = {isa = PBXFileReference; lastKnownFileType = sourcecode.swift; path = RemoteAutentication.swift; sourceTree = "<group>"; };
		D413C58929F8977900869258 /* LoginPresenter.swift */ = {isa = PBXFileReference; fileEncoding = 4; lastKnownFileType = sourcecode.swift; path = LoginPresenter.swift; sourceTree = "<group>"; };
		D413C58B29F8979E00869258 /* LoginResquest.swift */ = {isa = PBXFileReference; fileEncoding = 4; lastKnownFileType = sourcecode.swift; path = LoginResquest.swift; sourceTree = "<group>"; };
		D413C58D29F8A4E300869258 /* AuthCreateClient.swift */ = {isa = PBXFileReference; fileEncoding = 4; lastKnownFileType = sourcecode.swift; path = AuthCreateClient.swift; sourceTree = "<group>"; };
		D413C58F29FF12A900869258 /* AuthGetStateClient.swift */ = {isa = PBXFileReference; lastKnownFileType = sourcecode.swift; path = AuthGetStateClient.swift; sourceTree = "<group>"; };
		D413C59229FF141600869258 /* PassengerViewController.swift */ = {isa = PBXFileReference; lastKnownFileType = sourcecode.swift; path = PassengerViewController.swift; sourceTree = "<group>"; };
		D413C59429FF146500869258 /* LoginRouter.swift */ = {isa = PBXFileReference; lastKnownFileType = sourcecode.swift; path = LoginRouter.swift; sourceTree = "<group>"; };
		D413C59729FF155900869258 /* PassengerFactory.swift */ = {isa = PBXFileReference; fileEncoding = 4; lastKnownFileType = sourcecode.swift; path = PassengerFactory.swift; sourceTree = "<group>"; };
		D413C59929FF179600869258 /* LoginFactoryTests.swift */ = {isa = PBXFileReference; fileEncoding = 4; lastKnownFileType = sourcecode.swift; path = LoginFactoryTests.swift; sourceTree = "<group>"; };
		D413C59B29FF1A2E00869258 /* SignUpRouter.swift */ = {isa = PBXFileReference; fileEncoding = 4; lastKnownFileType = sourcecode.swift; path = SignUpRouter.swift; sourceTree = "<group>"; };
		D413C59D29FF1B4B00869258 /* RemoteGetStateAuth.swift */ = {isa = PBXFileReference; lastKnownFileType = sourcecode.swift; path = RemoteGetStateAuth.swift; sourceTree = "<group>"; };
		D413C59F29FF1BA100869258 /* GetStateAuth.swift */ = {isa = PBXFileReference; fileEncoding = 4; lastKnownFileType = sourcecode.swift; path = GetStateAuth.swift; sourceTree = "<group>"; };
		D413C5A229FF1D0300869258 /* WelcomePresenter.swift */ = {isa = PBXFileReference; lastKnownFileType = sourcecode.swift; path = WelcomePresenter.swift; sourceTree = "<group>"; };
		D413C5A529FF2A6500869258 /* PassengerPresenter.swift */ = {isa = PBXFileReference; lastKnownFileType = sourcecode.swift; path = PassengerPresenter.swift; sourceTree = "<group>"; };
		D413C5A729FF2B5600869258 /* AuthLogoutClient.swift */ = {isa = PBXFileReference; lastKnownFileType = sourcecode.swift; path = AuthLogoutClient.swift; sourceTree = "<group>"; };
		D413C5A929FF2C4E00869258 /* RemoteLogoutAuth.swift */ = {isa = PBXFileReference; fileEncoding = 4; lastKnownFileType = sourcecode.swift; path = RemoteLogoutAuth.swift; sourceTree = "<group>"; };
		D413C5AB29FF2C6500869258 /* LogoutAuth.swift */ = {isa = PBXFileReference; fileEncoding = 4; lastKnownFileType = sourcecode.swift; path = LogoutAuth.swift; sourceTree = "<group>"; };
		D413C5AE29FF2DFF00869258 /* PassengerRouter.swift */ = {isa = PBXFileReference; lastKnownFileType = sourcecode.swift; path = PassengerRouter.swift; sourceTree = "<group>"; };
		D413C5B02A00856500869258 /* FirebaseDatabaseAdapter.swift */ = {isa = PBXFileReference; fileEncoding = 4; lastKnownFileType = sourcecode.swift; path = FirebaseDatabaseAdapter.swift; sourceTree = "<group>"; };
		D413C5B42A008F0900869258 /* DatabaseSetValueClient.swift */ = {isa = PBXFileReference; lastKnownFileType = sourcecode.swift; path = DatabaseSetValueClient.swift; sourceTree = "<group>"; };
		D413C5BA2A008F6F00869258 /* CallRace.swift */ = {isa = PBXFileReference; lastKnownFileType = sourcecode.swift; path = CallRace.swift; sourceTree = "<group>"; };
		D413C5BE2A047C8500869258 /* RemoteCallRace.swift */ = {isa = PBXFileReference; lastKnownFileType = sourcecode.swift; path = RemoteCallRace.swift; sourceTree = "<group>"; };
		D413C5C12A06FE0F00869258 /* MainQueueDispatchDecorator.swift */ = {isa = PBXFileReference; lastKnownFileType = sourcecode.swift; path = MainQueueDispatchDecorator.swift; sourceTree = "<group>"; };
		D413C5C32A072A7A00869258 /* CallRaceRequest.swift */ = {isa = PBXFileReference; lastKnownFileType = sourcecode.swift; path = CallRaceRequest.swift; sourceTree = "<group>"; };
		D413C5C62A072EF500869258 /* AuthGetUserClient.swift */ = {isa = PBXFileReference; lastKnownFileType = sourcecode.swift; path = AuthGetUserClient.swift; sourceTree = "<group>"; };
		D413C5C92A072F2C00869258 /* GetCurrentUser.swift */ = {isa = PBXFileReference; lastKnownFileType = sourcecode.swift; path = GetCurrentUser.swift; sourceTree = "<group>"; };
		D413C5CC2A072F7200869258 /* RemoteGetCurrentUser.swift */ = {isa = PBXFileReference; lastKnownFileType = sourcecode.swift; path = RemoteGetCurrentUser.swift; sourceTree = "<group>"; };
		D413C5D02A081FC500869258 /* RemoteAddAccount.swift */ = {isa = PBXFileReference; lastKnownFileType = sourcecode.swift; path = RemoteAddAccount.swift; sourceTree = "<group>"; };
		D415F99829DF6D9A000689FF /* UberClone.app */ = {isa = PBXFileReference; explicitFileType = wrapper.application; includeInIndex = 0; path = UberClone.app; sourceTree = BUILT_PRODUCTS_DIR; };
		D415F99B29DF6D9A000689FF /* AppDelegate.swift */ = {isa = PBXFileReference; lastKnownFileType = sourcecode.swift; path = AppDelegate.swift; sourceTree = "<group>"; };
		D415F99D29DF6D9A000689FF /* SceneDelegate.swift */ = {isa = PBXFileReference; lastKnownFileType = sourcecode.swift; path = SceneDelegate.swift; sourceTree = "<group>"; };
		D415F99F29DF6D9A000689FF /* WelcomeViewController.swift */ = {isa = PBXFileReference; lastKnownFileType = sourcecode.swift; path = WelcomeViewController.swift; sourceTree = "<group>"; };
		D415F9A429DF6D9B000689FF /* Assets.xcassets */ = {isa = PBXFileReference; lastKnownFileType = folder.assetcatalog; path = Assets.xcassets; sourceTree = "<group>"; };
		D415F9A729DF6D9B000689FF /* Base */ = {isa = PBXFileReference; lastKnownFileType = file.storyboard; name = Base; path = Base.lproj/LaunchScreen.storyboard; sourceTree = "<group>"; };
		D415F9A929DF6D9B000689FF /* Info.plist */ = {isa = PBXFileReference; lastKnownFileType = text.plist.xml; path = Info.plist; sourceTree = "<group>"; };
		D48ADF9629EF652C00986A89 /* GoogleService-Info.plist */ = {isa = PBXFileReference; fileEncoding = 4; lastKnownFileType = text.plist.xml; path = "GoogleService-Info.plist"; sourceTree = "<group>"; };
		E7E601068C97C945A41865AD /* Pods-UberCloneTests.release.xcconfig */ = {isa = PBXFileReference; includeInIndex = 1; lastKnownFileType = text.xcconfig; name = "Pods-UberCloneTests.release.xcconfig"; path = "Target Support Files/Pods-UberCloneTests/Pods-UberCloneTests.release.xcconfig"; sourceTree = "<group>"; };
/* End PBXFileReference section */

/* Begin PBXFrameworksBuildPhase section */
		D4036B1729EF48A100E53951 /* Frameworks */ = {
			isa = PBXFrameworksBuildPhase;
			buildActionMask = 2147483647;
			files = (
				985B278A72842E883ED8FC54 /* Pods_UberCloneTests.framework in Frameworks */,
			);
			runOnlyForDeploymentPostprocessing = 0;
		};
		D415F99529DF6D9A000689FF /* Frameworks */ = {
			isa = PBXFrameworksBuildPhase;
			buildActionMask = 2147483647;
			files = (
				099531C940A1D0F612DD4DB0 /* Pods_UberClone.framework in Frameworks */,
			);
			runOnlyForDeploymentPostprocessing = 0;
		};
/* End PBXFrameworksBuildPhase section */

/* Begin PBXGroup section */
		C15CC63F1C8E1348881B4D83 /* Pods */ = {
			isa = PBXGroup;
			children = (
				692C83DFEDEB20962FCD9693 /* Pods-UberClone.debug.xcconfig */,
				262098F0328858BD040D8ABD /* Pods-UberClone.release.xcconfig */,
				1F43EB4F108D91FF8793F858 /* Pods-UberCloneTests.debug.xcconfig */,
				E7E601068C97C945A41865AD /* Pods-UberCloneTests.release.xcconfig */,
			);
			path = Pods;
			sourceTree = "<group>";
		};
		D4036AC029DF759E00E53951 /* Protocols */ = {
			isa = PBXGroup;
			children = (
				D4036AC129DF75B000E53951 /* ViewCode.swift */,
			);
			path = Protocols;
			sourceTree = "<group>";
		};
		D4036AC329DF772900E53951 /* Screens */ = {
			isa = PBXGroup;
			children = (
				D4036ACA29E0C97500E53951 /* Welcome */,
				D4036ACB29E0C98000E53951 /* Login */,
				D4036AD229E1F03300E53951 /* SignUp */,
				D413C59129FF13DB00869258 /* Passenger */,
			);
			path = Screens;
			sourceTree = "<group>";
		};
		D4036AC429DF7B6100E53951 /* Helpers */ = {
			isa = PBXGroup;
			children = (
				D4036AC529DF7B7100E53951 /* UIView+.swift */,
				D4036AC729DF84E100E53951 /* UIColor+.swift */,
				D4036ACE29E0CB2500E53951 /* Color.swift */,
			);
			path = Helpers;
			sourceTree = "<group>";
		};
		D4036AC929DF859800E53951 /* Components */ = {
			isa = PBXGroup;
			children = (
				D4036B1129EF3B4A00E53951 /* Loading */,
				D4036AE229E2FE9900E53951 /* Navigations */,
				D4036AE129E2FE9000E53951 /* Buttons */,
				D4036AE029E2FE8500E53951 /* TextFields */,
				D4036ADF29E2FE7A00E53951 /* Labels */,
			);
			path = Components;
			sourceTree = "<group>";
		};
		D4036ACA29E0C97500E53951 /* Welcome */ = {
			isa = PBXGroup;
			children = (
				D4036AE929E3016800E53951 /* WelcomeRouter.swift */,
				D415F99F29DF6D9A000689FF /* WelcomeViewController.swift */,
			);
			path = Welcome;
			sourceTree = "<group>";
		};
		D4036ACB29E0C98000E53951 /* Login */ = {
			isa = PBXGroup;
			children = (
				D4036ACC29E0C98E00E53951 /* LoginViewController.swift */,
				D413C59429FF146500869258 /* LoginRouter.swift */,
			);
			path = Login;
			sourceTree = "<group>";
		};
		D4036AD229E1F03300E53951 /* SignUp */ = {
			isa = PBXGroup;
			children = (
				D4036AD329E1F04800E53951 /* SignUpViewController.swift */,
				D413C59B29FF1A2E00869258 /* SignUpRouter.swift */,
			);
			path = SignUp;
			sourceTree = "<group>";
		};
		D4036ADF29E2FE7A00E53951 /* Labels */ = {
			isa = PBXGroup;
			children = (
				D4036AD529E1F1C900E53951 /* LabelField.swift */,
				D4036AD729E1F2E300E53951 /* TitleLabel.swift */,
			);
			path = Labels;
			sourceTree = "<group>";
		};
		D4036AE029E2FE8500E53951 /* TextFields */ = {
			isa = PBXGroup;
			children = (
				D4036AD029E0D7AF00E53951 /* HighlightedTextField.swift */,
				D4036AD929E1F55100E53951 /* PrimaryInputTextField.swift */,
			);
			path = TextFields;
			sourceTree = "<group>";
		};
		D4036AE129E2FE9000E53951 /* Buttons */ = {
			isa = PBXGroup;
			children = (
				D4036ADB29E1FEF200E53951 /* SecondaryButton.swift */,
				D4036ADD29E1FF9400E53951 /* PrimaryButton.swift */,
			);
			path = Buttons;
			sourceTree = "<group>";
		};
		D4036AE229E2FE9900E53951 /* Navigations */ = {
			isa = PBXGroup;
			children = (
				D4036AE329E2FEA400E53951 /* NavigationController.swift */,
			);
			path = Navigations;
			sourceTree = "<group>";
		};
		D4036AE529E2FF6100E53951 /* Factories */ = {
			isa = PBXGroup;
			children = (
				D4036AE629E2FF6A00E53951 /* Welcome */,
				D4036AEB29E3018000E53951 /* Login */,
				D4036AEE29E301C200E53951 /* SignUp */,
				D413C59629FF154600869258 /* Passenger */,
			);
			path = Factories;
			sourceTree = "<group>";
		};
		D4036AE629E2FF6A00E53951 /* Welcome */ = {
			isa = PBXGroup;
			children = (
				D4036AE729E2FF7B00E53951 /* WelcomeFactory.swift */,
			);
			path = Welcome;
			sourceTree = "<group>";
		};
		D4036AEB29E3018000E53951 /* Login */ = {
			isa = PBXGroup;
			children = (
				D4036AEC29E3019000E53951 /* LoginFactory.swift */,
			);
			path = Login;
			sourceTree = "<group>";
		};
		D4036AEE29E301C200E53951 /* SignUp */ = {
			isa = PBXGroup;
			children = (
				D4036AEF29E301D200E53951 /* SignUpFactory.swift */,
			);
			path = SignUp;
			sourceTree = "<group>";
		};
		D4036AF129E35DAA00E53951 /* Presentation */ = {
			isa = PBXGroup;
			children = (
				D4036B0E29EF39BD00E53951 /* Views */,
				D4036B0129EF2F3800E53951 /* Validators */,
				D413C5A129FF1CD600869258 /* Welcome */,
				D413C58829F8976900869258 /* Login */,
				D4036AF429E35E5C00E53951 /* SignUp */,
				D413C5A429FF2A4C00869258 /* Passenger */,
			);
			path = Presentation;
			sourceTree = "<group>";
		};
		D4036AF429E35E5C00E53951 /* SignUp */ = {
			isa = PBXGroup;
			children = (
				D4036AF229E35DD000E53951 /* SignUpPresenter.swift */,
				D4036AF529E35E6600E53951 /* SignUpResquest.swift */,
			);
			path = SignUp;
			sourceTree = "<group>";
		};
		D4036AF729E3613900E53951 /* Main */ = {
			isa = PBXGroup;
			children = (
				D413C5C02A06FE0000869258 /* Decorators */,
				D4036B2C29EF5B9E00E53951 /* Proxies */,
				D4036AE529E2FF6100E53951 /* Factories */,
			);
			path = Main;
			sourceTree = "<group>";
		};
		D4036AF829E364C600E53951 /* Validation */ = {
			isa = PBXGroup;
			children = (
				D4036B0429EF2FDB00E53951 /* RequiredFieldValidation.swift */,
				D4036B0629EF30E300E53951 /* ValidationComposite.swift */,
				D4036B0C29EF37BA00E53951 /* CompareFieldValidation.swift */,
			);
			path = Validation;
			sourceTree = "<group>";
		};
		D4036AFC29E3667400E53951 /* Domain */ = {
			isa = PBXGroup;
			children = (
				D413C56B29F0233F00869258 /* Errors */,
				D413C56829F01F7600869258 /* Models */,
				D4036B0829EF31DC00E53951 /* UseCases */,
			);
			path = Domain;
			sourceTree = "<group>";
		};
		D4036AFD29E3679800E53951 /* Data */ = {
			isa = PBXGroup;
			children = (
				D413C57D29F0955700869258 /* Usercases */,
				D413C57829F0333E00869258 /* Helpers */,
				D413C57429F02F9100869258 /* Client */,
			);
			path = Data;
			sourceTree = "<group>";
		};
		D4036AFE29E367A400E53951 /* Infra */ = {
			isa = PBXGroup;
			children = (
				D413C57329F02EB400869258 /* Firebase */,
			);
			path = Infra;
			sourceTree = "<group>";
		};
		D4036B0129EF2F3800E53951 /* Validators */ = {
			isa = PBXGroup;
			children = (
				D4036B0229EF2F4600E53951 /* Validation.swift */,
			);
			path = Validators;
			sourceTree = "<group>";
		};
		D4036B0829EF31DC00E53951 /* UseCases */ = {
			isa = PBXGroup;
			children = (
				D413C5CE2A081F1A00869258 /* AddAccount */,
				D413C5B82A008F4C00869258 /* Passenger */,
				D413C5B72A008F4100869258 /* Autentication */,
			);
			path = UseCases;
			sourceTree = "<group>";
		};
		D4036B0B29EF365800E53951 /* UI */ = {
			isa = PBXGroup;
			children = (
				D4036AC429DF7B6100E53951 /* Helpers */,
				D4036AC029DF759E00E53951 /* Protocols */,
				D4036AC929DF859800E53951 /* Components */,
				D4036AC329DF772900E53951 /* Screens */,
			);
			path = UI;
			sourceTree = "<group>";
		};
		D4036B0E29EF39BD00E53951 /* Views */ = {
			isa = PBXGroup;
			children = (
				D4036B0F29EF39CC00E53951 /* LoadingView.swift */,
				D4036B1429EF463C00E53951 /* AlertView.swift */,
			);
			path = Views;
			sourceTree = "<group>";
		};
		D4036B1129EF3B4A00E53951 /* Loading */ = {
			isa = PBXGroup;
			children = (
				D4036B1229EF3B5C00E53951 /* ScreenLoadingView.swift */,
			);
			path = Loading;
			sourceTree = "<group>";
		};
		D4036B1B29EF48A200E53951 /* UberCloneTests */ = {
			isa = PBXGroup;
			children = (
				D4036B2329EF54C700E53951 /* Helpers */,
				D4036B2F29EF5C1A00E53951 /* Main */,
			);
			path = UberCloneTests;
			sourceTree = "<group>";
		};
		D4036B2329EF54C700E53951 /* Helpers */ = {
			isa = PBXGroup;
			children = (
				D4036B2429EF54D600E53951 /* XCTestCase+.swift */,
			);
			path = Helpers;
			sourceTree = "<group>";
		};
		D4036B2729EF580600E53951 /* Frameworks */ = {
			isa = PBXGroup;
			children = (
				98A47E65942F5C72D128DAE7 /* Pods_UberClone.framework */,
				AB04DA37652DCECE903B4D4F /* Pods_UberCloneTests.framework */,
			);
			name = Frameworks;
			sourceTree = "<group>";
		};
		D4036B2C29EF5B9E00E53951 /* Proxies */ = {
			isa = PBXGroup;
			children = (
				D4036B2D29EF5BB100E53951 /* WeakVarProxy.swift */,
			);
			path = Proxies;
			sourceTree = "<group>";
		};
		D4036B2F29EF5C1A00E53951 /* Main */ = {
			isa = PBXGroup;
			children = (
				D4036B1C29EF48A200E53951 /* SingUpFactoryTests.swift */,
				D413C59929FF179600869258 /* LoginFactoryTests.swift */,
			);
			path = Main;
			sourceTree = "<group>";
		};
		D413C56829F01F7600869258 /* Models */ = {
			isa = PBXGroup;
			children = (
				D4036AFF29EF2EDC00E53951 /* Model.swift */,
				D413C56929F01FFC00869258 /* UserModel.swift */,
			);
			path = Models;
			sourceTree = "<group>";
		};
		D413C56B29F0233F00869258 /* Errors */ = {
			isa = PBXGroup;
			children = (
				D413C56C29F0235300869258 /* DomainError.swift */,
			);
			path = Errors;
			sourceTree = "<group>";
		};
		D413C57329F02EB400869258 /* Firebase */ = {
			isa = PBXGroup;
			children = (
				D413C5B62A008F1A00869258 /* Database */,
				D413C57729F0330700869258 /* Authentication */,
			);
			path = Firebase;
			sourceTree = "<group>";
		};
		D413C57429F02F9100869258 /* Client */ = {
			isa = PBXGroup;
			children = (
				D413C5B32A008EEA00869258 /* Database */,
				D413C5B22A008EDA00869258 /* Autentication */,
			);
			path = Client;
			sourceTree = "<group>";
		};
		D413C57729F0330700869258 /* Authentication */ = {
			isa = PBXGroup;
			children = (
				D413C56E29F02AAF00869258 /* FirebaseAuthAdapter.swift */,
			);
			path = Authentication;
			sourceTree = "<group>";
		};
		D413C57829F0333E00869258 /* Helpers */ = {
			isa = PBXGroup;
			children = (
				D413C57929F0334B00869258 /* Data+.swift */,
			);
			path = Helpers;
			sourceTree = "<group>";
		};
		D413C57D29F0955700869258 /* Usercases */ = {
			isa = PBXGroup;
			children = (
				D413C5CF2A081FB700869258 /* AddAccount */,
				D413C5BD2A047C6C00869258 /* Passenger */,
				D413C5BC2A047C6000869258 /* Autentication */,
			);
			path = Usercases;
			sourceTree = "<group>";
		};
		D413C58829F8976900869258 /* Login */ = {
			isa = PBXGroup;
			children = (
				D413C58929F8977900869258 /* LoginPresenter.swift */,
				D413C58B29F8979E00869258 /* LoginResquest.swift */,
			);
			path = Login;
			sourceTree = "<group>";
		};
		D413C59129FF13DB00869258 /* Passenger */ = {
			isa = PBXGroup;
			children = (
				D413C59229FF141600869258 /* PassengerViewController.swift */,
				D413C5AE29FF2DFF00869258 /* PassengerRouter.swift */,
			);
			path = Passenger;
			sourceTree = "<group>";
		};
		D413C59629FF154600869258 /* Passenger */ = {
			isa = PBXGroup;
			children = (
				D413C59729FF155900869258 /* PassengerFactory.swift */,
			);
			path = Passenger;
			sourceTree = "<group>";
		};
		D413C5A129FF1CD600869258 /* Welcome */ = {
			isa = PBXGroup;
			children = (
				D413C5A229FF1D0300869258 /* WelcomePresenter.swift */,
			);
			path = Welcome;
			sourceTree = "<group>";
		};
		D413C5A429FF2A4C00869258 /* Passenger */ = {
			isa = PBXGroup;
			children = (
				D413C5A529FF2A6500869258 /* PassengerPresenter.swift */,
				D413C5C32A072A7A00869258 /* CallRaceRequest.swift */,
			);
			path = Passenger;
			sourceTree = "<group>";
		};
		D413C5B22A008EDA00869258 /* Autentication */ = {
			isa = PBXGroup;
			children = (
				D413C5C62A072EF500869258 /* AuthGetUserClient.swift */,
				D413C57129F02EA700869258 /* AuthenticationError.swift */,
				D413C57B29F094DC00869258 /* AutenticationClient.swift */,
				D413C58D29F8A4E300869258 /* AuthCreateClient.swift */,
				D413C58F29FF12A900869258 /* AuthGetStateClient.swift */,
				D413C5A729FF2B5600869258 /* AuthLogoutClient.swift */,
			);
			path = Autentication;
			sourceTree = "<group>";
		};
		D413C5B32A008EEA00869258 /* Database */ = {
			isa = PBXGroup;
			children = (
				D413C5B42A008F0900869258 /* DatabaseSetValueClient.swift */,
			);
			path = Database;
			sourceTree = "<group>";
		};
		D413C5B62A008F1A00869258 /* Database */ = {
			isa = PBXGroup;
			children = (
				D413C5B02A00856500869258 /* FirebaseDatabaseAdapter.swift */,
			);
			path = Database;
			sourceTree = "<group>";
		};
		D413C5B72A008F4100869258 /* Autentication */ = {
			isa = PBXGroup;
			children = (
				D413C58229F09A6E00869258 /* CreateAuth.swift */,
				D413C59F29FF1BA100869258 /* GetStateAuth.swift */,
				D413C5AB29FF2C6500869258 /* LogoutAuth.swift */,
				D413C58429F892CC00869258 /* Autentication.swift */,
				D413C5C92A072F2C00869258 /* GetCurrentUser.swift */,
			);
			path = Autentication;
			sourceTree = "<group>";
		};
		D413C5B82A008F4C00869258 /* Passenger */ = {
			isa = PBXGroup;
			children = (
				D413C5BA2A008F6F00869258 /* CallRace.swift */,
			);
			path = Passenger;
			sourceTree = "<group>";
		};
		D413C5BC2A047C6000869258 /* Autentication */ = {
			isa = PBXGroup;
			children = (
				D413C57E29F0956300869258 /* RemoteCreateAuth.swift */,
				D413C58629F8931400869258 /* RemoteAutentication.swift */,
				D413C59D29FF1B4B00869258 /* RemoteGetStateAuth.swift */,
				D413C5A929FF2C4E00869258 /* RemoteLogoutAuth.swift */,
				D413C5CC2A072F7200869258 /* RemoteGetCurrentUser.swift */,
			);
			path = Autentication;
			sourceTree = "<group>";
		};
		D413C5BD2A047C6C00869258 /* Passenger */ = {
			isa = PBXGroup;
			children = (
				D413C5BE2A047C8500869258 /* RemoteCallRace.swift */,
			);
			path = Passenger;
			sourceTree = "<group>";
		};
		D413C5C02A06FE0000869258 /* Decorators */ = {
			isa = PBXGroup;
			children = (
				D413C5C12A06FE0F00869258 /* MainQueueDispatchDecorator.swift */,
			);
			path = Decorators;
			sourceTree = "<group>";
		};
		D413C5CE2A081F1A00869258 /* AddAccount */ = {
			isa = PBXGroup;
			children = (
				D4036B0929EF31E900E53951 /* AddAccount.swift */,
			);
			path = AddAccount;
			sourceTree = "<group>";
		};
		D413C5CF2A081FB700869258 /* AddAccount */ = {
			isa = PBXGroup;
			children = (
				D413C5D02A081FC500869258 /* RemoteAddAccount.swift */,
			);
			path = AddAccount;
			sourceTree = "<group>";
		};
		D415F98F29DF6D9A000689FF = {
			isa = PBXGroup;
			children = (
				D415F99A29DF6D9A000689FF /* UberClone */,
				D4036B1B29EF48A200E53951 /* UberCloneTests */,
				D415F99929DF6D9A000689FF /* Products */,
				D4036B2729EF580600E53951 /* Frameworks */,
				C15CC63F1C8E1348881B4D83 /* Pods */,
			);
			sourceTree = "<group>";
		};
		D415F99929DF6D9A000689FF /* Products */ = {
			isa = PBXGroup;
			children = (
				D415F99829DF6D9A000689FF /* UberClone.app */,
				D4036B1A29EF48A100E53951 /* UberCloneTests.xctest */,
			);
			name = Products;
			sourceTree = "<group>";
		};
		D415F99A29DF6D9A000689FF /* UberClone */ = {
			isa = PBXGroup;
			children = (
				D4036AFC29E3667400E53951 /* Domain */,
				D4036AFD29E3679800E53951 /* Data */,
				D4036AFE29E367A400E53951 /* Infra */,
				D4036AF829E364C600E53951 /* Validation */,
				D4036AF129E35DAA00E53951 /* Presentation */,
				D4036B0B29EF365800E53951 /* UI */,
				D4036AF729E3613900E53951 /* Main */,
				D415F99B29DF6D9A000689FF /* AppDelegate.swift */,
				D415F99D29DF6D9A000689FF /* SceneDelegate.swift */,
				D415F9A429DF6D9B000689FF /* Assets.xcassets */,
				D415F9A629DF6D9B000689FF /* LaunchScreen.storyboard */,
				D415F9A929DF6D9B000689FF /* Info.plist */,
				D48ADF9629EF652C00986A89 /* GoogleService-Info.plist */,
			);
			path = UberClone;
			sourceTree = "<group>";
		};
/* End PBXGroup section */

/* Begin PBXNativeTarget section */
		D4036B1929EF48A100E53951 /* UberCloneTests */ = {
			isa = PBXNativeTarget;
			buildConfigurationList = D4036B2029EF48A200E53951 /* Build configuration list for PBXNativeTarget "UberCloneTests" */;
			buildPhases = (
				37CE25FA3EBA3B63EAAE8A0E /* [CP] Check Pods Manifest.lock */,
				D4036B1629EF48A100E53951 /* Sources */,
				D4036B1729EF48A100E53951 /* Frameworks */,
				D4036B1829EF48A100E53951 /* Resources */,
			);
			buildRules = (
			);
			dependencies = (
				D4036B1F29EF48A200E53951 /* PBXTargetDependency */,
			);
			name = UberCloneTests;
			productName = UberCloneTests;
			productReference = D4036B1A29EF48A100E53951 /* UberCloneTests.xctest */;
			productType = "com.apple.product-type.bundle.unit-test";
		};
		D415F99729DF6D9A000689FF /* UberClone */ = {
			isa = PBXNativeTarget;
			buildConfigurationList = D415F9AC29DF6D9B000689FF /* Build configuration list for PBXNativeTarget "UberClone" */;
			buildPhases = (
				696C2000BD3B51F308C43375 /* [CP] Check Pods Manifest.lock */,
				D415F99429DF6D9A000689FF /* Sources */,
				D415F99529DF6D9A000689FF /* Frameworks */,
				D415F99629DF6D9A000689FF /* Resources */,
				87725C23A4BA3D8ADD57DF43 /* [CP] Embed Pods Frameworks */,
			);
			buildRules = (
			);
			dependencies = (
			);
			name = UberClone;
			productName = UberClone;
			productReference = D415F99829DF6D9A000689FF /* UberClone.app */;
			productType = "com.apple.product-type.application";
		};
/* End PBXNativeTarget section */

/* Begin PBXProject section */
		D415F99029DF6D9A000689FF /* Project object */ = {
			isa = PBXProject;
			attributes = {
				BuildIndependentTargetsInParallel = 1;
				LastSwiftUpdateCheck = 1410;
				LastUpgradeCheck = 1410;
				TargetAttributes = {
					D4036B1929EF48A100E53951 = {
						CreatedOnToolsVersion = 14.1;
						TestTargetID = D415F99729DF6D9A000689FF;
					};
					D415F99729DF6D9A000689FF = {
						CreatedOnToolsVersion = 14.1;
					};
				};
			};
			buildConfigurationList = D415F99329DF6D9A000689FF /* Build configuration list for PBXProject "UberClone" */;
			compatibilityVersion = "Xcode 14.0";
			developmentRegion = en;
			hasScannedForEncodings = 0;
			knownRegions = (
				en,
				Base,
			);
			mainGroup = D415F98F29DF6D9A000689FF;
			productRefGroup = D415F99929DF6D9A000689FF /* Products */;
			projectDirPath = "";
			projectRoot = "";
			targets = (
				D415F99729DF6D9A000689FF /* UberClone */,
				D4036B1929EF48A100E53951 /* UberCloneTests */,
			);
		};
/* End PBXProject section */

/* Begin PBXResourcesBuildPhase section */
		D4036B1829EF48A100E53951 /* Resources */ = {
			isa = PBXResourcesBuildPhase;
			buildActionMask = 2147483647;
			files = (
			);
			runOnlyForDeploymentPostprocessing = 0;
		};
		D415F99629DF6D9A000689FF /* Resources */ = {
			isa = PBXResourcesBuildPhase;
			buildActionMask = 2147483647;
			files = (
				D415F9A829DF6D9B000689FF /* LaunchScreen.storyboard in Resources */,
				D415F9A529DF6D9B000689FF /* Assets.xcassets in Resources */,
				D48ADF9729EF652C00986A89 /* GoogleService-Info.plist in Resources */,
			);
			runOnlyForDeploymentPostprocessing = 0;
		};
/* End PBXResourcesBuildPhase section */

/* Begin PBXShellScriptBuildPhase section */
		37CE25FA3EBA3B63EAAE8A0E /* [CP] Check Pods Manifest.lock */ = {
			isa = PBXShellScriptBuildPhase;
			buildActionMask = 2147483647;
			files = (
			);
			inputFileListPaths = (
			);
			inputPaths = (
				"${PODS_PODFILE_DIR_PATH}/Podfile.lock",
				"${PODS_ROOT}/Manifest.lock",
			);
			name = "[CP] Check Pods Manifest.lock";
			outputFileListPaths = (
			);
			outputPaths = (
				"$(DERIVED_FILE_DIR)/Pods-UberCloneTests-checkManifestLockResult.txt",
			);
			runOnlyForDeploymentPostprocessing = 0;
			shellPath = /bin/sh;
			shellScript = "diff \"${PODS_PODFILE_DIR_PATH}/Podfile.lock\" \"${PODS_ROOT}/Manifest.lock\" > /dev/null\nif [ $? != 0 ] ; then\n    # print error to STDERR\n    echo \"error: The sandbox is not in sync with the Podfile.lock. Run 'pod install' or update your CocoaPods installation.\" >&2\n    exit 1\nfi\n# This output is used by Xcode 'outputs' to avoid re-running this script phase.\necho \"SUCCESS\" > \"${SCRIPT_OUTPUT_FILE_0}\"\n";
			showEnvVarsInLog = 0;
		};
		696C2000BD3B51F308C43375 /* [CP] Check Pods Manifest.lock */ = {
			isa = PBXShellScriptBuildPhase;
			buildActionMask = 2147483647;
			files = (
			);
			inputFileListPaths = (
			);
			inputPaths = (
				"${PODS_PODFILE_DIR_PATH}/Podfile.lock",
				"${PODS_ROOT}/Manifest.lock",
			);
			name = "[CP] Check Pods Manifest.lock";
			outputFileListPaths = (
			);
			outputPaths = (
				"$(DERIVED_FILE_DIR)/Pods-UberClone-checkManifestLockResult.txt",
			);
			runOnlyForDeploymentPostprocessing = 0;
			shellPath = /bin/sh;
			shellScript = "diff \"${PODS_PODFILE_DIR_PATH}/Podfile.lock\" \"${PODS_ROOT}/Manifest.lock\" > /dev/null\nif [ $? != 0 ] ; then\n    # print error to STDERR\n    echo \"error: The sandbox is not in sync with the Podfile.lock. Run 'pod install' or update your CocoaPods installation.\" >&2\n    exit 1\nfi\n# This output is used by Xcode 'outputs' to avoid re-running this script phase.\necho \"SUCCESS\" > \"${SCRIPT_OUTPUT_FILE_0}\"\n";
			showEnvVarsInLog = 0;
		};
		87725C23A4BA3D8ADD57DF43 /* [CP] Embed Pods Frameworks */ = {
			isa = PBXShellScriptBuildPhase;
			buildActionMask = 2147483647;
			files = (
			);
			inputFileListPaths = (
				"${PODS_ROOT}/Target Support Files/Pods-UberClone/Pods-UberClone-frameworks-${CONFIGURATION}-input-files.xcfilelist",
			);
			name = "[CP] Embed Pods Frameworks";
			outputFileListPaths = (
				"${PODS_ROOT}/Target Support Files/Pods-UberClone/Pods-UberClone-frameworks-${CONFIGURATION}-output-files.xcfilelist",
			);
			runOnlyForDeploymentPostprocessing = 0;
			shellPath = /bin/sh;
			shellScript = "\"${PODS_ROOT}/Target Support Files/Pods-UberClone/Pods-UberClone-frameworks.sh\"\n";
			showEnvVarsInLog = 0;
		};
/* End PBXShellScriptBuildPhase section */

/* Begin PBXSourcesBuildPhase section */
		D4036B1629EF48A100E53951 /* Sources */ = {
			isa = PBXSourcesBuildPhase;
			buildActionMask = 2147483647;
			files = (
				D4036B2529EF54D600E53951 /* XCTestCase+.swift in Sources */,
				D4036B1D29EF48A200E53951 /* SingUpFactoryTests.swift in Sources */,
				D413C59A29FF179600869258 /* LoginFactoryTests.swift in Sources */,
			);
			runOnlyForDeploymentPostprocessing = 0;
		};
		D415F99429DF6D9A000689FF /* Sources */ = {
			isa = PBXSourcesBuildPhase;
			buildActionMask = 2147483647;
			files = (
				D413C57C29F094DC00869258 /* AutenticationClient.swift in Sources */,
				D413C5C22A06FE0F00869258 /* MainQueueDispatchDecorator.swift in Sources */,
				D4036B2E29EF5BB100E53951 /* WeakVarProxy.swift in Sources */,
				D4036AF029E301D200E53951 /* SignUpFactory.swift in Sources */,
				D4036ACD29E0C98E00E53951 /* LoginViewController.swift in Sources */,
				D413C5B52A008F0900869258 /* DatabaseSetValueClient.swift in Sources */,
				D413C58A29F8977900869258 /* LoginPresenter.swift in Sources */,
				D413C59029FF12A900869258 /* AuthGetStateClient.swift in Sources */,
				D415F9A029DF6D9A000689FF /* WelcomeViewController.swift in Sources */,
				D4036ADA29E1F55100E53951 /* PrimaryInputTextField.swift in Sources */,
				D4036B1529EF463C00E53951 /* AlertView.swift in Sources */,
				D415F99C29DF6D9A000689FF /* AppDelegate.swift in Sources */,
				D413C59329FF141600869258 /* PassengerViewController.swift in Sources */,
				D413C5AC29FF2C6500869258 /* LogoutAuth.swift in Sources */,
				D415F99E29DF6D9A000689FF /* SceneDelegate.swift in Sources */,
				D413C5D12A081FC500869258 /* RemoteAddAccount.swift in Sources */,
				D4036B0A29EF31E900E53951 /* AddAccount.swift in Sources */,
				D413C5C42A072A7A00869258 /* CallRaceRequest.swift in Sources */,
				D4036AD429E1F04800E53951 /* SignUpViewController.swift in Sources */,
				D4036AC229DF75B000E53951 /* ViewCode.swift in Sources */,
				D413C5CA2A072F2C00869258 /* GetCurrentUser.swift in Sources */,
				D4036ACF29E0CB2500E53951 /* Color.swift in Sources */,
				D4036AF629E35E6600E53951 /* SignUpResquest.swift in Sources */,
				D4036AD629E1F1C900E53951 /* LabelField.swift in Sources */,
				D4036AEA29E3016800E53951 /* WelcomeRouter.swift in Sources */,
				D413C5B12A00856500869258 /* FirebaseDatabaseAdapter.swift in Sources */,
				D4036B0329EF2F4600E53951 /* Validation.swift in Sources */,
				D413C56F29F02AAF00869258 /* FirebaseAuthAdapter.swift in Sources */,
				D4036AE429E2FEA400E53951 /* NavigationController.swift in Sources */,
				D4036AC629DF7B7100E53951 /* UIView+.swift in Sources */,
				D413C58729F8931400869258 /* RemoteAutentication.swift in Sources */,
				D4036B0529EF2FDB00E53951 /* RequiredFieldValidation.swift in Sources */,
				D413C5BF2A047C8500869258 /* RemoteCallRace.swift in Sources */,
				D413C56A29F01FFC00869258 /* UserModel.swift in Sources */,
				D4036B0D29EF37BA00E53951 /* CompareFieldValidation.swift in Sources */,
				D413C57229F02EA700869258 /* AuthenticationError.swift in Sources */,
				D4036B0029EF2EDC00E53951 /* Model.swift in Sources */,
				D413C5A829FF2B5600869258 /* AuthLogoutClient.swift in Sources */,
				D4036ADC29E1FEF200E53951 /* SecondaryButton.swift in Sources */,
				D413C59C29FF1A2E00869258 /* SignUpRouter.swift in Sources */,
				D413C5BB2A008F6F00869258 /* CallRace.swift in Sources */,
				D413C57F29F0956300869258 /* RemoteCreateAuth.swift in Sources */,
				D413C5A029FF1BA100869258 /* GetStateAuth.swift in Sources */,
				D4036AD829E1F2E300E53951 /* TitleLabel.swift in Sources */,
				D4036AE829E2FF7B00E53951 /* WelcomeFactory.swift in Sources */,
				D413C5A329FF1D0300869258 /* WelcomePresenter.swift in Sources */,
				D413C58329F09A6E00869258 /* CreateAuth.swift in Sources */,
				D4036ADE29E1FF9400E53951 /* PrimaryButton.swift in Sources */,
				D413C5C72A072EF500869258 /* AuthGetUserClient.swift in Sources */,
				D4036AC829DF84E100E53951 /* UIColor+.swift in Sources */,
				D413C5AF29FF2DFF00869258 /* PassengerRouter.swift in Sources */,
				D413C59E29FF1B4B00869258 /* RemoteGetStateAuth.swift in Sources */,
				D413C5AA29FF2C4E00869258 /* RemoteLogoutAuth.swift in Sources */,
				D4036AF329E35DD000E53951 /* SignUpPresenter.swift in Sources */,
				D413C59829FF155900869258 /* PassengerFactory.swift in Sources */,
				D413C57A29F0334B00869258 /* Data+.swift in Sources */,
				D413C5CD2A072F7200869258 /* RemoteGetCurrentUser.swift in Sources */,
				D413C59529FF146500869258 /* LoginRouter.swift in Sources */,
				D413C58529F892CC00869258 /* Autentication.swift in Sources */,
				D4036B1029EF39CC00E53951 /* LoadingView.swift in Sources */,
				D4036AED29E3019000E53951 /* LoginFactory.swift in Sources */,
				D413C58C29F8979E00869258 /* LoginResquest.swift in Sources */,
				D413C58E29F8A4E300869258 /* AuthCreateClient.swift in Sources */,
				D413C5A629FF2A6500869258 /* PassengerPresenter.swift in Sources */,
				D4036B0729EF30E300E53951 /* ValidationComposite.swift in Sources */,
				D4036AD129E0D7AF00E53951 /* HighlightedTextField.swift in Sources */,
				D413C56D29F0235300869258 /* DomainError.swift in Sources */,
				D4036B1329EF3B5C00E53951 /* ScreenLoadingView.swift in Sources */,
			);
			runOnlyForDeploymentPostprocessing = 0;
		};
/* End PBXSourcesBuildPhase section */

/* Begin PBXTargetDependency section */
		D4036B1F29EF48A200E53951 /* PBXTargetDependency */ = {
			isa = PBXTargetDependency;
			target = D415F99729DF6D9A000689FF /* UberClone */;
			targetProxy = D4036B1E29EF48A200E53951 /* PBXContainerItemProxy */;
		};
/* End PBXTargetDependency section */

/* Begin PBXVariantGroup section */
		D415F9A629DF6D9B000689FF /* LaunchScreen.storyboard */ = {
			isa = PBXVariantGroup;
			children = (
				D415F9A729DF6D9B000689FF /* Base */,
			);
			name = LaunchScreen.storyboard;
			sourceTree = "<group>";
		};
/* End PBXVariantGroup section */

/* Begin XCBuildConfiguration section */
		D4036B2129EF48A200E53951 /* Debug */ = {
			isa = XCBuildConfiguration;
			baseConfigurationReference = 1F43EB4F108D91FF8793F858 /* Pods-UberCloneTests.debug.xcconfig */;
			buildSettings = {
				BUNDLE_LOADER = "$(TEST_HOST)";
				CODE_SIGN_STYLE = Automatic;
				CURRENT_PROJECT_VERSION = 1;
				DEVELOPMENT_TEAM = FU8K79FY9Z;
				GENERATE_INFOPLIST_FILE = YES;
				MARKETING_VERSION = 1.0;
				PRODUCT_BUNDLE_IDENTIFIER = com.br.curso.ios.UberCloneTests;
				PRODUCT_NAME = "$(TARGET_NAME)";
				SWIFT_EMIT_LOC_STRINGS = NO;
				SWIFT_VERSION = 5.0;
				TARGETED_DEVICE_FAMILY = "1,2";
				TEST_HOST = "$(BUILT_PRODUCTS_DIR)/UberClone.app/$(BUNDLE_EXECUTABLE_FOLDER_PATH)/UberClone";
			};
			name = Debug;
		};
		D4036B2229EF48A200E53951 /* Release */ = {
			isa = XCBuildConfiguration;
			baseConfigurationReference = E7E601068C97C945A41865AD /* Pods-UberCloneTests.release.xcconfig */;
			buildSettings = {
				BUNDLE_LOADER = "$(TEST_HOST)";
				CODE_SIGN_STYLE = Automatic;
				CURRENT_PROJECT_VERSION = 1;
				DEVELOPMENT_TEAM = FU8K79FY9Z;
				GENERATE_INFOPLIST_FILE = YES;
				MARKETING_VERSION = 1.0;
				PRODUCT_BUNDLE_IDENTIFIER = com.br.curso.ios.UberCloneTests;
				PRODUCT_NAME = "$(TARGET_NAME)";
				SWIFT_EMIT_LOC_STRINGS = NO;
				SWIFT_VERSION = 5.0;
				TARGETED_DEVICE_FAMILY = "1,2";
				TEST_HOST = "$(BUILT_PRODUCTS_DIR)/UberClone.app/$(BUNDLE_EXECUTABLE_FOLDER_PATH)/UberClone";
			};
			name = Release;
		};
		D415F9AA29DF6D9B000689FF /* Debug */ = {
			isa = XCBuildConfiguration;
			buildSettings = {
				ALWAYS_SEARCH_USER_PATHS = NO;
				CLANG_ANALYZER_NONNULL = YES;
				CLANG_ANALYZER_NUMBER_OBJECT_CONVERSION = YES_AGGRESSIVE;
				CLANG_CXX_LANGUAGE_STANDARD = "gnu++20";
				CLANG_ENABLE_MODULES = YES;
				CLANG_ENABLE_OBJC_ARC = YES;
				CLANG_ENABLE_OBJC_WEAK = YES;
				CLANG_WARN_BLOCK_CAPTURE_AUTORELEASING = YES;
				CLANG_WARN_BOOL_CONVERSION = YES;
				CLANG_WARN_COMMA = YES;
				CLANG_WARN_CONSTANT_CONVERSION = YES;
				CLANG_WARN_DEPRECATED_OBJC_IMPLEMENTATIONS = YES;
				CLANG_WARN_DIRECT_OBJC_ISA_USAGE = YES_ERROR;
				CLANG_WARN_DOCUMENTATION_COMMENTS = YES;
				CLANG_WARN_EMPTY_BODY = YES;
				CLANG_WARN_ENUM_CONVERSION = YES;
				CLANG_WARN_INFINITE_RECURSION = YES;
				CLANG_WARN_INT_CONVERSION = YES;
				CLANG_WARN_NON_LITERAL_NULL_CONVERSION = YES;
				CLANG_WARN_OBJC_IMPLICIT_RETAIN_SELF = YES;
				CLANG_WARN_OBJC_LITERAL_CONVERSION = YES;
				CLANG_WARN_OBJC_ROOT_CLASS = YES_ERROR;
				CLANG_WARN_QUOTED_INCLUDE_IN_FRAMEWORK_HEADER = YES;
				CLANG_WARN_RANGE_LOOP_ANALYSIS = YES;
				CLANG_WARN_STRICT_PROTOTYPES = YES;
				CLANG_WARN_SUSPICIOUS_MOVE = YES;
				CLANG_WARN_UNGUARDED_AVAILABILITY = YES_AGGRESSIVE;
				CLANG_WARN_UNREACHABLE_CODE = YES;
				CLANG_WARN__DUPLICATE_METHOD_MATCH = YES;
				COPY_PHASE_STRIP = NO;
				DEBUG_INFORMATION_FORMAT = dwarf;
				ENABLE_STRICT_OBJC_MSGSEND = YES;
				ENABLE_TESTABILITY = YES;
				GCC_C_LANGUAGE_STANDARD = gnu11;
				GCC_DYNAMIC_NO_PIC = NO;
				GCC_NO_COMMON_BLOCKS = YES;
				GCC_OPTIMIZATION_LEVEL = 0;
				GCC_PREPROCESSOR_DEFINITIONS = (
					"DEBUG=1",
					"$(inherited)",
				);
				GCC_WARN_64_TO_32_BIT_CONVERSION = YES;
				GCC_WARN_ABOUT_RETURN_TYPE = YES_ERROR;
				GCC_WARN_UNDECLARED_SELECTOR = YES;
				GCC_WARN_UNINITIALIZED_AUTOS = YES_AGGRESSIVE;
				GCC_WARN_UNUSED_FUNCTION = YES;
				GCC_WARN_UNUSED_VARIABLE = YES;
				IPHONEOS_DEPLOYMENT_TARGET = 16.1;
				MTL_ENABLE_DEBUG_INFO = INCLUDE_SOURCE;
				MTL_FAST_MATH = YES;
				ONLY_ACTIVE_ARCH = YES;
				SDKROOT = iphoneos;
				SWIFT_ACTIVE_COMPILATION_CONDITIONS = DEBUG;
				SWIFT_OPTIMIZATION_LEVEL = "-Onone";
			};
			name = Debug;
		};
		D415F9AB29DF6D9B000689FF /* Release */ = {
			isa = XCBuildConfiguration;
			buildSettings = {
				ALWAYS_SEARCH_USER_PATHS = NO;
				CLANG_ANALYZER_NONNULL = YES;
				CLANG_ANALYZER_NUMBER_OBJECT_CONVERSION = YES_AGGRESSIVE;
				CLANG_CXX_LANGUAGE_STANDARD = "gnu++20";
				CLANG_ENABLE_MODULES = YES;
				CLANG_ENABLE_OBJC_ARC = YES;
				CLANG_ENABLE_OBJC_WEAK = YES;
				CLANG_WARN_BLOCK_CAPTURE_AUTORELEASING = YES;
				CLANG_WARN_BOOL_CONVERSION = YES;
				CLANG_WARN_COMMA = YES;
				CLANG_WARN_CONSTANT_CONVERSION = YES;
				CLANG_WARN_DEPRECATED_OBJC_IMPLEMENTATIONS = YES;
				CLANG_WARN_DIRECT_OBJC_ISA_USAGE = YES_ERROR;
				CLANG_WARN_DOCUMENTATION_COMMENTS = YES;
				CLANG_WARN_EMPTY_BODY = YES;
				CLANG_WARN_ENUM_CONVERSION = YES;
				CLANG_WARN_INFINITE_RECURSION = YES;
				CLANG_WARN_INT_CONVERSION = YES;
				CLANG_WARN_NON_LITERAL_NULL_CONVERSION = YES;
				CLANG_WARN_OBJC_IMPLICIT_RETAIN_SELF = YES;
				CLANG_WARN_OBJC_LITERAL_CONVERSION = YES;
				CLANG_WARN_OBJC_ROOT_CLASS = YES_ERROR;
				CLANG_WARN_QUOTED_INCLUDE_IN_FRAMEWORK_HEADER = YES;
				CLANG_WARN_RANGE_LOOP_ANALYSIS = YES;
				CLANG_WARN_STRICT_PROTOTYPES = YES;
				CLANG_WARN_SUSPICIOUS_MOVE = YES;
				CLANG_WARN_UNGUARDED_AVAILABILITY = YES_AGGRESSIVE;
				CLANG_WARN_UNREACHABLE_CODE = YES;
				CLANG_WARN__DUPLICATE_METHOD_MATCH = YES;
				COPY_PHASE_STRIP = NO;
				DEBUG_INFORMATION_FORMAT = "dwarf-with-dsym";
				ENABLE_NS_ASSERTIONS = NO;
				ENABLE_STRICT_OBJC_MSGSEND = YES;
				GCC_C_LANGUAGE_STANDARD = gnu11;
				GCC_NO_COMMON_BLOCKS = YES;
				GCC_WARN_64_TO_32_BIT_CONVERSION = YES;
				GCC_WARN_ABOUT_RETURN_TYPE = YES_ERROR;
				GCC_WARN_UNDECLARED_SELECTOR = YES;
				GCC_WARN_UNINITIALIZED_AUTOS = YES_AGGRESSIVE;
				GCC_WARN_UNUSED_FUNCTION = YES;
				GCC_WARN_UNUSED_VARIABLE = YES;
				IPHONEOS_DEPLOYMENT_TARGET = 16.1;
				MTL_ENABLE_DEBUG_INFO = NO;
				MTL_FAST_MATH = YES;
				SDKROOT = iphoneos;
				SWIFT_COMPILATION_MODE = wholemodule;
				SWIFT_OPTIMIZATION_LEVEL = "-O";
				VALIDATE_PRODUCT = YES;
			};
			name = Release;
		};
		D415F9AD29DF6D9B000689FF /* Debug */ = {
			isa = XCBuildConfiguration;
			baseConfigurationReference = 692C83DFEDEB20962FCD9693 /* Pods-UberClone.debug.xcconfig */;
			buildSettings = {
				ASSETCATALOG_COMPILER_APPICON_NAME = AppIcon;
				ASSETCATALOG_COMPILER_GLOBAL_ACCENT_COLOR_NAME = AccentColor;
				CODE_SIGN_STYLE = Automatic;
				CURRENT_PROJECT_VERSION = 1;
				DEVELOPMENT_TEAM = FU8K79FY9Z;
				GENERATE_INFOPLIST_FILE = YES;
				INFOPLIST_FILE = UberClone/Info.plist;
				INFOPLIST_KEY_UIApplicationSupportsIndirectInputEvents = YES;
				INFOPLIST_KEY_UILaunchStoryboardName = LaunchScreen;
				INFOPLIST_KEY_UIMainStoryboardFile = "";
				INFOPLIST_KEY_UISupportedInterfaceOrientations_iPad = "UIInterfaceOrientationPortrait UIInterfaceOrientationPortraitUpsideDown UIInterfaceOrientationLandscapeLeft UIInterfaceOrientationLandscapeRight";
				INFOPLIST_KEY_UISupportedInterfaceOrientations_iPhone = "UIInterfaceOrientationPortrait UIInterfaceOrientationLandscapeLeft UIInterfaceOrientationLandscapeRight";
				LD_RUNPATH_SEARCH_PATHS = (
					"$(inherited)",
					"@executable_path/Frameworks",
				);
				MARKETING_VERSION = 1.0;
				PRODUCT_BUNDLE_IDENTIFIER = com.br.curso.ios.UberClone;
				PRODUCT_NAME = "$(TARGET_NAME)";
				SWIFT_EMIT_LOC_STRINGS = YES;
				SWIFT_VERSION = 5.0;
				TARGETED_DEVICE_FAMILY = "1,2";
			};
			name = Debug;
		};
		D415F9AE29DF6D9B000689FF /* Release */ = {
			isa = XCBuildConfiguration;
			baseConfigurationReference = 262098F0328858BD040D8ABD /* Pods-UberClone.release.xcconfig */;
			buildSettings = {
				ASSETCATALOG_COMPILER_APPICON_NAME = AppIcon;
				ASSETCATALOG_COMPILER_GLOBAL_ACCENT_COLOR_NAME = AccentColor;
				CODE_SIGN_STYLE = Automatic;
				CURRENT_PROJECT_VERSION = 1;
				DEVELOPMENT_TEAM = FU8K79FY9Z;
				GENERATE_INFOPLIST_FILE = YES;
				INFOPLIST_FILE = UberClone/Info.plist;
				INFOPLIST_KEY_UIApplicationSupportsIndirectInputEvents = YES;
				INFOPLIST_KEY_UILaunchStoryboardName = LaunchScreen;
				INFOPLIST_KEY_UIMainStoryboardFile = "";
				INFOPLIST_KEY_UISupportedInterfaceOrientations_iPad = "UIInterfaceOrientationPortrait UIInterfaceOrientationPortraitUpsideDown UIInterfaceOrientationLandscapeLeft UIInterfaceOrientationLandscapeRight";
				INFOPLIST_KEY_UISupportedInterfaceOrientations_iPhone = "UIInterfaceOrientationPortrait UIInterfaceOrientationLandscapeLeft UIInterfaceOrientationLandscapeRight";
				LD_RUNPATH_SEARCH_PATHS = (
					"$(inherited)",
					"@executable_path/Frameworks",
				);
				MARKETING_VERSION = 1.0;
				PRODUCT_BUNDLE_IDENTIFIER = com.br.curso.ios.UberClone;
				PRODUCT_NAME = "$(TARGET_NAME)";
				SWIFT_EMIT_LOC_STRINGS = YES;
				SWIFT_VERSION = 5.0;
				TARGETED_DEVICE_FAMILY = "1,2";
			};
			name = Release;
		};
/* End XCBuildConfiguration section */

/* Begin XCConfigurationList section */
		D4036B2029EF48A200E53951 /* Build configuration list for PBXNativeTarget "UberCloneTests" */ = {
			isa = XCConfigurationList;
			buildConfigurations = (
				D4036B2129EF48A200E53951 /* Debug */,
				D4036B2229EF48A200E53951 /* Release */,
			);
			defaultConfigurationIsVisible = 0;
			defaultConfigurationName = Release;
		};
		D415F99329DF6D9A000689FF /* Build configuration list for PBXProject "UberClone" */ = {
			isa = XCConfigurationList;
			buildConfigurations = (
				D415F9AA29DF6D9B000689FF /* Debug */,
				D415F9AB29DF6D9B000689FF /* Release */,
			);
			defaultConfigurationIsVisible = 0;
			defaultConfigurationName = Release;
		};
		D415F9AC29DF6D9B000689FF /* Build configuration list for PBXNativeTarget "UberClone" */ = {
			isa = XCConfigurationList;
			buildConfigurations = (
				D415F9AD29DF6D9B000689FF /* Debug */,
				D415F9AE29DF6D9B000689FF /* Release */,
			);
			defaultConfigurationIsVisible = 0;
			defaultConfigurationName = Release;
		};
/* End XCConfigurationList section */
	};
	rootObject = D415F99029DF6D9A000689FF /* Project object */;
}
